// !$*UTF8*$!
{
	archiveVersion = 1;
	classes = {
	};
	objectVersion = 46;
	objects = {

/* Begin PBXBuildFile section */
		C52DB2F91E4C48EB009FBA5A /* MKKit.h in CopyFiles */ = {isa = PBXBuildFile; fileRef = C52DB2F61E4C48EB009FBA5A /* MKKit.h */; };
		C52DB30F1E4C4BF3009FBA5A /* UIKit.framework in Frameworks */ = {isa = PBXBuildFile; fileRef = C52DB30E1E4C4BF3009FBA5A /* UIKit.framework */; };
		C52DB3111E4C4C02009FBA5A /* Foundation.framework in Frameworks */ = {isa = PBXBuildFile; fileRef = C52DB3101E4C4C02009FBA5A /* Foundation.framework */; };
		C52DB3131E4C4C14009FBA5A /* Security.framework in Frameworks */ = {isa = PBXBuildFile; fileRef = C52DB3121E4C4C14009FBA5A /* Security.framework */; };
		C52DB3151E4C4C1E009FBA5A /* CoreImage.framework in Frameworks */ = {isa = PBXBuildFile; fileRef = C52DB3141E4C4C1D009FBA5A /* CoreImage.framework */; };
		C52DB3171E4C4C23009FBA5A /* AVFoundation.framework in Frameworks */ = {isa = PBXBuildFile; fileRef = C52DB3161E4C4C23009FBA5A /* AVFoundation.framework */; };
		C52DB3191E4C4C2C009FBA5A /* QuartzCore.framework in Frameworks */ = {isa = PBXBuildFile; fileRef = C52DB3181E4C4C2C009FBA5A /* QuartzCore.framework */; };
		C52DB31B1E4C4C38009FBA5A /* Accelerate.framework in Frameworks */ = {isa = PBXBuildFile; fileRef = C52DB31A1E4C4C38009FBA5A /* Accelerate.framework */; };
		C52DB31D1E4C4C43009FBA5A /* ImageIO.framework in Frameworks */ = {isa = PBXBuildFile; fileRef = C52DB31C1E4C4C43009FBA5A /* ImageIO.framework */; };
		C57BE2F71E4D8CCA00177D4F /* CoreFoundation.framework in Frameworks */ = {isa = PBXBuildFile; fileRef = C57BE2F61E4D8CCA00177D4F /* CoreFoundation.framework */; };
		C58BBB5D21EDC79000DF1D2F /* MJPropertyType.m in Sources */ = {isa = PBXBuildFile; fileRef = C58BBB4B21EDC79000DF1D2F /* MJPropertyType.m */; };
		C58BBB5E21EDC79000DF1D2F /* NSObject+MJKeyValue.m in Sources */ = {isa = PBXBuildFile; fileRef = C58BBB4E21EDC79000DF1D2F /* NSObject+MJKeyValue.m */; };
		C58BBB5F21EDC79000DF1D2F /* MJProperty.m in Sources */ = {isa = PBXBuildFile; fileRef = C58BBB4F21EDC79000DF1D2F /* MJProperty.m */; };
		C58BBB6021EDC79000DF1D2F /* NSObject+MJCoding.m in Sources */ = {isa = PBXBuildFile; fileRef = C58BBB5121EDC79000DF1D2F /* NSObject+MJCoding.m */; };
		C58BBB6121EDC79000DF1D2F /* MJExtensionConst.m in Sources */ = {isa = PBXBuildFile; fileRef = C58BBB5321EDC79000DF1D2F /* MJExtensionConst.m */; };
		C58BBB6221EDC79000DF1D2F /* NSObject+MJProperty.m in Sources */ = {isa = PBXBuildFile; fileRef = C58BBB5421EDC79000DF1D2F /* NSObject+MJProperty.m */; };
		C58BBB6321EDC79000DF1D2F /* NSObject+MJClass.m in Sources */ = {isa = PBXBuildFile; fileRef = C58BBB5621EDC79000DF1D2F /* NSObject+MJClass.m */; };
		C58BBB6421EDC79000DF1D2F /* NSString+MJExtension.m in Sources */ = {isa = PBXBuildFile; fileRef = C58BBB5721EDC79000DF1D2F /* NSString+MJExtension.m */; };
		C58BBB6521EDC79000DF1D2F /* MJPropertyKey.m in Sources */ = {isa = PBXBuildFile; fileRef = C58BBB5821EDC79000DF1D2F /* MJPropertyKey.m */; };
		C58BBB6621EDC79000DF1D2F /* MJFoundation.m in Sources */ = {isa = PBXBuildFile; fileRef = C58BBB5C21EDC79000DF1D2F /* MJFoundation.m */; };
		C58BBB8121EDC7D000DF1D2F /* NSLayoutConstraint+MASDebugAdditions.m in Sources */ = {isa = PBXBuildFile; fileRef = C58BBB6921EDC7D000DF1D2F /* NSLayoutConstraint+MASDebugAdditions.m */; };
		C58BBB8221EDC7D000DF1D2F /* ViewController+MASAdditions.m in Sources */ = {isa = PBXBuildFile; fileRef = C58BBB7221EDC7D000DF1D2F /* ViewController+MASAdditions.m */; };
		C58BBB8321EDC7D000DF1D2F /* MASCompositeConstraint.m in Sources */ = {isa = PBXBuildFile; fileRef = C58BBB7621EDC7D000DF1D2F /* MASCompositeConstraint.m */; };
		C58BBB8421EDC7D000DF1D2F /* MASConstraintMaker.m in Sources */ = {isa = PBXBuildFile; fileRef = C58BBB7721EDC7D000DF1D2F /* MASConstraintMaker.m */; };
		C58BBB8521EDC7D000DF1D2F /* MASLayoutConstraint.m in Sources */ = {isa = PBXBuildFile; fileRef = C58BBB7821EDC7D000DF1D2F /* MASLayoutConstraint.m */; };
		C58BBB8621EDC7D000DF1D2F /* NSArray+MASAdditions.m in Sources */ = {isa = PBXBuildFile; fileRef = C58BBB7921EDC7D000DF1D2F /* NSArray+MASAdditions.m */; };
		C58BBB8721EDC7D000DF1D2F /* View+MASAdditions.m in Sources */ = {isa = PBXBuildFile; fileRef = C58BBB7A21EDC7D000DF1D2F /* View+MASAdditions.m */; };
		C58BBB8821EDC7D000DF1D2F /* MASConstraint.m in Sources */ = {isa = PBXBuildFile; fileRef = C58BBB7D21EDC7D000DF1D2F /* MASConstraint.m */; };
		C58BBB8921EDC7D000DF1D2F /* MASViewConstraint.m in Sources */ = {isa = PBXBuildFile; fileRef = C58BBB7F21EDC7D000DF1D2F /* MASViewConstraint.m */; };
		C58BBB8A21EDC7D000DF1D2F /* MASViewAttribute.m in Sources */ = {isa = PBXBuildFile; fileRef = C58BBB8021EDC7D000DF1D2F /* MASViewAttribute.m */; };
		C58BBB8E21EDC87900DF1D2F /* UIView+Toast.m in Sources */ = {isa = PBXBuildFile; fileRef = C58BBB8D21EDC87900DF1D2F /* UIView+Toast.m */; };
/* End PBXBuildFile section */

/* Begin PBXCopyFilesBuildPhase section */
		C52DB2F11E4C48EB009FBA5A /* CopyFiles */ = {
			isa = PBXCopyFilesBuildPhase;
			buildActionMask = 2147483647;
			dstPath = "include/$(PRODUCT_NAME)";
			dstSubfolderSpec = 16;
			files = (
				C52DB2F91E4C48EB009FBA5A /* MKKit.h in CopyFiles */,
			);
			runOnlyForDeploymentPostprocessing = 0;
		};
/* End PBXCopyFilesBuildPhase section */

/* Begin PBXFileReference section */
		C52DB2F31E4C48EB009FBA5A /* libMKKit.a */ = {isa = PBXFileReference; explicitFileType = archive.ar; includeInIndex = 0; path = libMKKit.a; sourceTree = BUILT_PRODUCTS_DIR; };
		C52DB2F61E4C48EB009FBA5A /* MKKit.h */ = {isa = PBXFileReference; lastKnownFileType = sourcecode.c.h; path = MKKit.h; sourceTree = "<group>"; };
		C52DB30E1E4C4BF3009FBA5A /* UIKit.framework */ = {isa = PBXFileReference; lastKnownFileType = wrapper.framework; name = UIKit.framework; path = System/Library/Frameworks/UIKit.framework; sourceTree = SDKROOT; };
		C52DB3101E4C4C02009FBA5A /* Foundation.framework */ = {isa = PBXFileReference; lastKnownFileType = wrapper.framework; name = Foundation.framework; path = System/Library/Frameworks/Foundation.framework; sourceTree = SDKROOT; };
		C52DB3121E4C4C14009FBA5A /* Security.framework */ = {isa = PBXFileReference; lastKnownFileType = wrapper.framework; name = Security.framework; path = System/Library/Frameworks/Security.framework; sourceTree = SDKROOT; };
		C52DB3141E4C4C1D009FBA5A /* CoreImage.framework */ = {isa = PBXFileReference; lastKnownFileType = wrapper.framework; name = CoreImage.framework; path = System/Library/Frameworks/CoreImage.framework; sourceTree = SDKROOT; };
		C52DB3161E4C4C23009FBA5A /* AVFoundation.framework */ = {isa = PBXFileReference; lastKnownFileType = wrapper.framework; name = AVFoundation.framework; path = System/Library/Frameworks/AVFoundation.framework; sourceTree = SDKROOT; };
		C52DB3181E4C4C2C009FBA5A /* QuartzCore.framework */ = {isa = PBXFileReference; lastKnownFileType = wrapper.framework; name = QuartzCore.framework; path = System/Library/Frameworks/QuartzCore.framework; sourceTree = SDKROOT; };
		C52DB31A1E4C4C38009FBA5A /* Accelerate.framework */ = {isa = PBXFileReference; lastKnownFileType = wrapper.framework; name = Accelerate.framework; path = System/Library/Frameworks/Accelerate.framework; sourceTree = SDKROOT; };
		C52DB31C1E4C4C43009FBA5A /* ImageIO.framework */ = {isa = PBXFileReference; lastKnownFileType = wrapper.framework; name = ImageIO.framework; path = System/Library/Frameworks/ImageIO.framework; sourceTree = SDKROOT; };
		C57BE2F61E4D8CCA00177D4F /* CoreFoundation.framework */ = {isa = PBXFileReference; lastKnownFileType = wrapper.framework; name = CoreFoundation.framework; path = System/Library/Frameworks/CoreFoundation.framework; sourceTree = SDKROOT; };
		C58BBB4421EDBF4700DF1D2F /* MKConst.h */ = {isa = PBXFileReference; lastKnownFileType = sourcecode.c.h; path = MKConst.h; sourceTree = "<group>"; };
		C58BBB4821EDC79000DF1D2F /* MJPropertyKey.h */ = {isa = PBXFileReference; fileEncoding = 4; lastKnownFileType = sourcecode.c.h; path = MJPropertyKey.h; sourceTree = "<group>"; };
		C58BBB4921EDC79000DF1D2F /* NSObject+MJClass.h */ = {isa = PBXFileReference; fileEncoding = 4; lastKnownFileType = sourcecode.c.h; path = "NSObject+MJClass.h"; sourceTree = "<group>"; };
		C58BBB4A21EDC79000DF1D2F /* NSString+MJExtension.h */ = {isa = PBXFileReference; fileEncoding = 4; lastKnownFileType = sourcecode.c.h; path = "NSString+MJExtension.h"; sourceTree = "<group>"; };
		C58BBB4B21EDC79000DF1D2F /* MJPropertyType.m */ = {isa = PBXFileReference; fileEncoding = 4; lastKnownFileType = sourcecode.c.objc; path = MJPropertyType.m; sourceTree = "<group>"; };
		C58BBB4C21EDC79000DF1D2F /* NSObject+MJProperty.h */ = {isa = PBXFileReference; fileEncoding = 4; lastKnownFileType = sourcecode.c.h; path = "NSObject+MJProperty.h"; sourceTree = "<group>"; };
		C58BBB4D21EDC79000DF1D2F /* MJExtensionConst.h */ = {isa = PBXFileReference; fileEncoding = 4; lastKnownFileType = sourcecode.c.h; path = MJExtensionConst.h; sourceTree = "<group>"; };
		C58BBB4E21EDC79000DF1D2F /* NSObject+MJKeyValue.m */ = {isa = PBXFileReference; fileEncoding = 4; lastKnownFileType = sourcecode.c.objc; path = "NSObject+MJKeyValue.m"; sourceTree = "<group>"; };
		C58BBB4F21EDC79000DF1D2F /* MJProperty.m */ = {isa = PBXFileReference; fileEncoding = 4; lastKnownFileType = sourcecode.c.objc; path = MJProperty.m; sourceTree = "<group>"; };
		C58BBB5021EDC79000DF1D2F /* MJFoundation.h */ = {isa = PBXFileReference; fileEncoding = 4; lastKnownFileType = sourcecode.c.h; path = MJFoundation.h; sourceTree = "<group>"; };
		C58BBB5121EDC79000DF1D2F /* NSObject+MJCoding.m */ = {isa = PBXFileReference; fileEncoding = 4; lastKnownFileType = sourcecode.c.objc; path = "NSObject+MJCoding.m"; sourceTree = "<group>"; };
		C58BBB5221EDC79000DF1D2F /* MJExtension.h */ = {isa = PBXFileReference; fileEncoding = 4; lastKnownFileType = sourcecode.c.h; path = MJExtension.h; sourceTree = "<group>"; };
		C58BBB5321EDC79000DF1D2F /* MJExtensionConst.m */ = {isa = PBXFileReference; fileEncoding = 4; lastKnownFileType = sourcecode.c.objc; path = MJExtensionConst.m; sourceTree = "<group>"; };
		C58BBB5421EDC79000DF1D2F /* NSObject+MJProperty.m */ = {isa = PBXFileReference; fileEncoding = 4; lastKnownFileType = sourcecode.c.objc; path = "NSObject+MJProperty.m"; sourceTree = "<group>"; };
		C58BBB5521EDC79000DF1D2F /* MJPropertyType.h */ = {isa = PBXFileReference; fileEncoding = 4; lastKnownFileType = sourcecode.c.h; path = MJPropertyType.h; sourceTree = "<group>"; };
		C58BBB5621EDC79000DF1D2F /* NSObject+MJClass.m */ = {isa = PBXFileReference; fileEncoding = 4; lastKnownFileType = sourcecode.c.objc; path = "NSObject+MJClass.m"; sourceTree = "<group>"; };
		C58BBB5721EDC79000DF1D2F /* NSString+MJExtension.m */ = {isa = PBXFileReference; fileEncoding = 4; lastKnownFileType = sourcecode.c.objc; path = "NSString+MJExtension.m"; sourceTree = "<group>"; };
		C58BBB5821EDC79000DF1D2F /* MJPropertyKey.m */ = {isa = PBXFileReference; fileEncoding = 4; lastKnownFileType = sourcecode.c.objc; path = MJPropertyKey.m; sourceTree = "<group>"; };
		C58BBB5921EDC79000DF1D2F /* MJProperty.h */ = {isa = PBXFileReference; fileEncoding = 4; lastKnownFileType = sourcecode.c.h; path = MJProperty.h; sourceTree = "<group>"; };
		C58BBB5A21EDC79000DF1D2F /* NSObject+MJKeyValue.h */ = {isa = PBXFileReference; fileEncoding = 4; lastKnownFileType = sourcecode.c.h; path = "NSObject+MJKeyValue.h"; sourceTree = "<group>"; };
		C58BBB5B21EDC79000DF1D2F /* NSObject+MJCoding.h */ = {isa = PBXFileReference; fileEncoding = 4; lastKnownFileType = sourcecode.c.h; path = "NSObject+MJCoding.h"; sourceTree = "<group>"; };
		C58BBB5C21EDC79000DF1D2F /* MJFoundation.m */ = {isa = PBXFileReference; fileEncoding = 4; lastKnownFileType = sourcecode.c.objc; path = MJFoundation.m; sourceTree = "<group>"; };
		C58BBB6821EDC7D000DF1D2F /* MASCompositeConstraint.h */ = {isa = PBXFileReference; fileEncoding = 4; lastKnownFileType = sourcecode.c.h; path = MASCompositeConstraint.h; sourceTree = "<group>"; };
		C58BBB6921EDC7D000DF1D2F /* NSLayoutConstraint+MASDebugAdditions.m */ = {isa = PBXFileReference; fileEncoding = 4; lastKnownFileType = sourcecode.c.objc; path = "NSLayoutConstraint+MASDebugAdditions.m"; sourceTree = "<group>"; };
		C58BBB6A21EDC7D000DF1D2F /* MASConstraint+Private.h */ = {isa = PBXFileReference; fileEncoding = 4; lastKnownFileType = sourcecode.c.h; path = "MASConstraint+Private.h"; sourceTree = "<group>"; };
		C58BBB6B21EDC7D000DF1D2F /* MASLayoutConstraint.h */ = {isa = PBXFileReference; fileEncoding = 4; lastKnownFileType = sourcecode.c.h; path = MASLayoutConstraint.h; sourceTree = "<group>"; };
		C58BBB6C21EDC7D000DF1D2F /* NSArray+MASShorthandAdditions.h */ = {isa = PBXFileReference; fileEncoding = 4; lastKnownFileType = sourcecode.c.h; path = "NSArray+MASShorthandAdditions.h"; sourceTree = "<group>"; };
		C58BBB6D21EDC7D000DF1D2F /* MASConstraintMaker.h */ = {isa = PBXFileReference; fileEncoding = 4; lastKnownFileType = sourcecode.c.h; path = MASConstraintMaker.h; sourceTree = "<group>"; };
		C58BBB6E21EDC7D000DF1D2F /* View+MASAdditions.h */ = {isa = PBXFileReference; fileEncoding = 4; lastKnownFileType = sourcecode.c.h; path = "View+MASAdditions.h"; sourceTree = "<group>"; };
		C58BBB6F21EDC7D000DF1D2F /* NSArray+MASAdditions.h */ = {isa = PBXFileReference; fileEncoding = 4; lastKnownFileType = sourcecode.c.h; path = "NSArray+MASAdditions.h"; sourceTree = "<group>"; };
		C58BBB7021EDC7D000DF1D2F /* MASUtilities.h */ = {isa = PBXFileReference; fileEncoding = 4; lastKnownFileType = sourcecode.c.h; path = MASUtilities.h; sourceTree = "<group>"; };
		C58BBB7121EDC7D000DF1D2F /* MASViewAttribute.h */ = {isa = PBXFileReference; fileEncoding = 4; lastKnownFileType = sourcecode.c.h; path = MASViewAttribute.h; sourceTree = "<group>"; };
		C58BBB7221EDC7D000DF1D2F /* ViewController+MASAdditions.m */ = {isa = PBXFileReference; fileEncoding = 4; lastKnownFileType = sourcecode.c.objc; path = "ViewController+MASAdditions.m"; sourceTree = "<group>"; };
		C58BBB7321EDC7D000DF1D2F /* MASViewConstraint.h */ = {isa = PBXFileReference; fileEncoding = 4; lastKnownFileType = sourcecode.c.h; path = MASViewConstraint.h; sourceTree = "<group>"; };
		C58BBB7421EDC7D000DF1D2F /* MASConstraint.h */ = {isa = PBXFileReference; fileEncoding = 4; lastKnownFileType = sourcecode.c.h; path = MASConstraint.h; sourceTree = "<group>"; };
		C58BBB7521EDC7D000DF1D2F /* NSLayoutConstraint+MASDebugAdditions.h */ = {isa = PBXFileReference; fileEncoding = 4; lastKnownFileType = sourcecode.c.h; path = "NSLayoutConstraint+MASDebugAdditions.h"; sourceTree = "<group>"; };
		C58BBB7621EDC7D000DF1D2F /* MASCompositeConstraint.m */ = {isa = PBXFileReference; fileEncoding = 4; lastKnownFileType = sourcecode.c.objc; path = MASCompositeConstraint.m; sourceTree = "<group>"; };
		C58BBB7721EDC7D000DF1D2F /* MASConstraintMaker.m */ = {isa = PBXFileReference; fileEncoding = 4; lastKnownFileType = sourcecode.c.objc; path = MASConstraintMaker.m; sourceTree = "<group>"; };
		C58BBB7821EDC7D000DF1D2F /* MASLayoutConstraint.m */ = {isa = PBXFileReference; fileEncoding = 4; lastKnownFileType = sourcecode.c.objc; path = MASLayoutConstraint.m; sourceTree = "<group>"; };
		C58BBB7921EDC7D000DF1D2F /* NSArray+MASAdditions.m */ = {isa = PBXFileReference; fileEncoding = 4; lastKnownFileType = sourcecode.c.objc; path = "NSArray+MASAdditions.m"; sourceTree = "<group>"; };
		C58BBB7A21EDC7D000DF1D2F /* View+MASAdditions.m */ = {isa = PBXFileReference; fileEncoding = 4; lastKnownFileType = sourcecode.c.objc; path = "View+MASAdditions.m"; sourceTree = "<group>"; };
		C58BBB7B21EDC7D000DF1D2F /* View+MASShorthandAdditions.h */ = {isa = PBXFileReference; fileEncoding = 4; lastKnownFileType = sourcecode.c.h; path = "View+MASShorthandAdditions.h"; sourceTree = "<group>"; };
		C58BBB7C21EDC7D000DF1D2F /* Masonry.h */ = {isa = PBXFileReference; fileEncoding = 4; lastKnownFileType = sourcecode.c.h; path = Masonry.h; sourceTree = "<group>"; };
		C58BBB7D21EDC7D000DF1D2F /* MASConstraint.m */ = {isa = PBXFileReference; fileEncoding = 4; lastKnownFileType = sourcecode.c.objc; path = MASConstraint.m; sourceTree = "<group>"; };
		C58BBB7E21EDC7D000DF1D2F /* ViewController+MASAdditions.h */ = {isa = PBXFileReference; fileEncoding = 4; lastKnownFileType = sourcecode.c.h; path = "ViewController+MASAdditions.h"; sourceTree = "<group>"; };
		C58BBB7F21EDC7D000DF1D2F /* MASViewConstraint.m */ = {isa = PBXFileReference; fileEncoding = 4; lastKnownFileType = sourcecode.c.objc; path = MASViewConstraint.m; sourceTree = "<group>"; };
		C58BBB8021EDC7D000DF1D2F /* MASViewAttribute.m */ = {isa = PBXFileReference; fileEncoding = 4; lastKnownFileType = sourcecode.c.objc; path = MASViewAttribute.m; sourceTree = "<group>"; };
		C58BBB8C21EDC87900DF1D2F /* UIView+Toast.h */ = {isa = PBXFileReference; fileEncoding = 4; lastKnownFileType = sourcecode.c.h; path = "UIView+Toast.h"; sourceTree = "<group>"; };
		C58BBB8D21EDC87900DF1D2F /* UIView+Toast.m */ = {isa = PBXFileReference; fileEncoding = 4; lastKnownFileType = sourcecode.c.objc; path = "UIView+Toast.m"; sourceTree = "<group>"; };
/* End PBXFileReference section */

/* Begin PBXFrameworksBuildPhase section */
		C52DB2F01E4C48EB009FBA5A /* Frameworks */ = {
			isa = PBXFrameworksBuildPhase;
			buildActionMask = 2147483647;
			files = (
				C57BE2F71E4D8CCA00177D4F /* CoreFoundation.framework in Frameworks */,
				C52DB31D1E4C4C43009FBA5A /* ImageIO.framework in Frameworks */,
				C52DB31B1E4C4C38009FBA5A /* Accelerate.framework in Frameworks */,
				C52DB3191E4C4C2C009FBA5A /* QuartzCore.framework in Frameworks */,
				C52DB3171E4C4C23009FBA5A /* AVFoundation.framework in Frameworks */,
				C52DB3151E4C4C1E009FBA5A /* CoreImage.framework in Frameworks */,
				C52DB3131E4C4C14009FBA5A /* Security.framework in Frameworks */,
				C52DB3111E4C4C02009FBA5A /* Foundation.framework in Frameworks */,
				C52DB30F1E4C4BF3009FBA5A /* UIKit.framework in Frameworks */,
			);
			runOnlyForDeploymentPostprocessing = 0;
		};
/* End PBXFrameworksBuildPhase section */

/* Begin PBXGroup section */
		C509FC171E5C49B100D48007 /* MKSubassembly */ = {
			isa = PBXGroup;
			children = (
			);
			path = MKSubassembly;
			sourceTree = "<group>";
		};
		C52DB2EA1E4C48EB009FBA5A = {
			isa = PBXGroup;
			children = (
				C52DB2F51E4C48EB009FBA5A /* MKKit */,
				C52DB2F41E4C48EB009FBA5A /* Products */,
				C52DB30D1E4C4BDF009FBA5A /* Frameworks */,
			);
			sourceTree = "<group>";
		};
		C52DB2F41E4C48EB009FBA5A /* Products */ = {
			isa = PBXGroup;
			children = (
				C52DB2F31E4C48EB009FBA5A /* libMKKit.a */,
			);
			name = Products;
			sourceTree = "<group>";
		};
		C52DB2F51E4C48EB009FBA5A /* MKKit */ = {
			isa = PBXGroup;
			children = (
				C58BBB4421EDBF4700DF1D2F /* MKConst.h */,
				C52DB2F61E4C48EB009FBA5A /* MKKit.h */,
				C547B4871E4D5BE6002CECB1 /* Category */,
				C56D43841E52EB27007ADF35 /* MKHelper */,
				C509FC171E5C49B100D48007 /* MKSubassembly */,
				C52DB3041E4C49B8009FBA5A /* Vendor */,
			);
			path = MKKit;
			sourceTree = "<group>";
		};
		C52DB3041E4C49B8009FBA5A /* Vendor */ = {
			isa = PBXGroup;
			children = (
				C58BBB6721EDC7D000DF1D2F /* Masonry */,
				C58BBB4721EDC79000DF1D2F /* MJExtension */,
				C58BBB8B21EDC87900DF1D2F /* Toast */,
			);
			path = Vendor;
			sourceTree = "<group>";
		};
		C52DB30D1E4C4BDF009FBA5A /* Frameworks */ = {
			isa = PBXGroup;
			children = (
				C52DB31A1E4C4C38009FBA5A /* Accelerate.framework */,
				C52DB3161E4C4C23009FBA5A /* AVFoundation.framework */,
				C57BE2F61E4D8CCA00177D4F /* CoreFoundation.framework */,
				C52DB3141E4C4C1D009FBA5A /* CoreImage.framework */,
				C52DB3101E4C4C02009FBA5A /* Foundation.framework */,
				C52DB31C1E4C4C43009FBA5A /* ImageIO.framework */,
				C52DB3181E4C4C2C009FBA5A /* QuartzCore.framework */,
				C52DB3121E4C4C14009FBA5A /* Security.framework */,
				C52DB30E1E4C4BF3009FBA5A /* UIKit.framework */,
			);
			name = Frameworks;
			sourceTree = "<group>";
		};
		C547B4871E4D5BE6002CECB1 /* Category */ = {
			isa = PBXGroup;
			children = (
			);
			path = Category;
			sourceTree = "<group>";
		};
		C56D43841E52EB27007ADF35 /* MKHelper */ = {
			isa = PBXGroup;
			children = (
			);
			path = MKHelper;
			sourceTree = "<group>";
		};
		C58BBB4721EDC79000DF1D2F /* MJExtension */ = {
			isa = PBXGroup;
			children = (
				C58BBB4821EDC79000DF1D2F /* MJPropertyKey.h */,
				C58BBB4921EDC79000DF1D2F /* NSObject+MJClass.h */,
				C58BBB4A21EDC79000DF1D2F /* NSString+MJExtension.h */,
				C58BBB4B21EDC79000DF1D2F /* MJPropertyType.m */,
				C58BBB4C21EDC79000DF1D2F /* NSObject+MJProperty.h */,
				C58BBB4D21EDC79000DF1D2F /* MJExtensionConst.h */,
				C58BBB4E21EDC79000DF1D2F /* NSObject+MJKeyValue.m */,
				C58BBB4F21EDC79000DF1D2F /* MJProperty.m */,
				C58BBB5021EDC79000DF1D2F /* MJFoundation.h */,
				C58BBB5121EDC79000DF1D2F /* NSObject+MJCoding.m */,
				C58BBB5221EDC79000DF1D2F /* MJExtension.h */,
				C58BBB5321EDC79000DF1D2F /* MJExtensionConst.m */,
				C58BBB5421EDC79000DF1D2F /* NSObject+MJProperty.m */,
				C58BBB5521EDC79000DF1D2F /* MJPropertyType.h */,
				C58BBB5621EDC79000DF1D2F /* NSObject+MJClass.m */,
				C58BBB5721EDC79000DF1D2F /* NSString+MJExtension.m */,
				C58BBB5821EDC79000DF1D2F /* MJPropertyKey.m */,
				C58BBB5921EDC79000DF1D2F /* MJProperty.h */,
				C58BBB5A21EDC79000DF1D2F /* NSObject+MJKeyValue.h */,
				C58BBB5B21EDC79000DF1D2F /* NSObject+MJCoding.h */,
				C58BBB5C21EDC79000DF1D2F /* MJFoundation.m */,
			);
			path = MJExtension;
			sourceTree = "<group>";
		};
		C58BBB6721EDC7D000DF1D2F /* Masonry */ = {
			isa = PBXGroup;
			children = (
				C58BBB6821EDC7D000DF1D2F /* MASCompositeConstraint.h */,
				C58BBB6921EDC7D000DF1D2F /* NSLayoutConstraint+MASDebugAdditions.m */,
				C58BBB6A21EDC7D000DF1D2F /* MASConstraint+Private.h */,
				C58BBB6B21EDC7D000DF1D2F /* MASLayoutConstraint.h */,
				C58BBB6C21EDC7D000DF1D2F /* NSArray+MASShorthandAdditions.h */,
				C58BBB6D21EDC7D000DF1D2F /* MASConstraintMaker.h */,
				C58BBB6E21EDC7D000DF1D2F /* View+MASAdditions.h */,
				C58BBB6F21EDC7D000DF1D2F /* NSArray+MASAdditions.h */,
				C58BBB7021EDC7D000DF1D2F /* MASUtilities.h */,
				C58BBB7121EDC7D000DF1D2F /* MASViewAttribute.h */,
				C58BBB7221EDC7D000DF1D2F /* ViewController+MASAdditions.m */,
				C58BBB7321EDC7D000DF1D2F /* MASViewConstraint.h */,
				C58BBB7421EDC7D000DF1D2F /* MASConstraint.h */,
				C58BBB7521EDC7D000DF1D2F /* NSLayoutConstraint+MASDebugAdditions.h */,
				C58BBB7621EDC7D000DF1D2F /* MASCompositeConstraint.m */,
				C58BBB7721EDC7D000DF1D2F /* MASConstraintMaker.m */,
				C58BBB7821EDC7D000DF1D2F /* MASLayoutConstraint.m */,
				C58BBB7921EDC7D000DF1D2F /* NSArray+MASAdditions.m */,
				C58BBB7A21EDC7D000DF1D2F /* View+MASAdditions.m */,
				C58BBB7B21EDC7D000DF1D2F /* View+MASShorthandAdditions.h */,
				C58BBB7C21EDC7D000DF1D2F /* Masonry.h */,
				C58BBB7D21EDC7D000DF1D2F /* MASConstraint.m */,
				C58BBB7E21EDC7D000DF1D2F /* ViewController+MASAdditions.h */,
				C58BBB7F21EDC7D000DF1D2F /* MASViewConstraint.m */,
				C58BBB8021EDC7D000DF1D2F /* MASViewAttribute.m */,
			);
			path = Masonry;
			sourceTree = "<group>";
		};
		C58BBB8B21EDC87900DF1D2F /* Toast */ = {
			isa = PBXGroup;
			children = (
				C58BBB8C21EDC87900DF1D2F /* UIView+Toast.h */,
				C58BBB8D21EDC87900DF1D2F /* UIView+Toast.m */,
			);
			path = Toast;
			sourceTree = "<group>";
		};
/* End PBXGroup section */

/* Begin PBXNativeTarget section */
		C52DB2F21E4C48EB009FBA5A /* MKKit */ = {
			isa = PBXNativeTarget;
			buildConfigurationList = C52DB2FC1E4C48EB009FBA5A /* Build configuration list for PBXNativeTarget "MKKit" */;
			buildPhases = (
				C52DB2EF1E4C48EB009FBA5A /* Sources */,
				C52DB2F01E4C48EB009FBA5A /* Frameworks */,
				C52DB2F11E4C48EB009FBA5A /* CopyFiles */,
			);
			buildRules = (
			);
			dependencies = (
			);
			name = MKKit;
			productName = MKKit;
			productReference = C52DB2F31E4C48EB009FBA5A /* libMKKit.a */;
			productType = "com.apple.product-type.library.static";
		};
/* End PBXNativeTarget section */

/* Begin PBXProject section */
		C52DB2EB1E4C48EB009FBA5A /* Project object */ = {
			isa = PBXProject;
			attributes = {
				LastUpgradeCheck = 0820;
				ORGANIZATIONNAME = mk;
				TargetAttributes = {
					C52DB2F21E4C48EB009FBA5A = {
						CreatedOnToolsVersion = 8.2.1;
						ProvisioningStyle = Automatic;
					};
				};
			};
			buildConfigurationList = C52DB2EE1E4C48EB009FBA5A /* Build configuration list for PBXProject "MKKit" */;
			compatibilityVersion = "Xcode 3.2";
			developmentRegion = English;
			hasScannedForEncodings = 0;
			knownRegions = (
				en,
			);
			mainGroup = C52DB2EA1E4C48EB009FBA5A;
			productRefGroup = C52DB2F41E4C48EB009FBA5A /* Products */;
			projectDirPath = "";
			projectRoot = "";
			targets = (
				C52DB2F21E4C48EB009FBA5A /* MKKit */,
			);
		};
/* End PBXProject section */

/* Begin PBXSourcesBuildPhase section */
		C52DB2EF1E4C48EB009FBA5A /* Sources */ = {
			isa = PBXSourcesBuildPhase;
			buildActionMask = 2147483647;
			files = (
				C58BBB8121EDC7D000DF1D2F /* NSLayoutConstraint+MASDebugAdditions.m in Sources */,
				C58BBB6421EDC79000DF1D2F /* NSString+MJExtension.m in Sources */,
				C58BBB8821EDC7D000DF1D2F /* MASConstraint.m in Sources */,
				C58BBB8921EDC7D000DF1D2F /* MASViewConstraint.m in Sources */,
				C58BBB8221EDC7D000DF1D2F /* ViewController+MASAdditions.m in Sources */,
				C58BBB8A21EDC7D000DF1D2F /* MASViewAttribute.m in Sources */,
				C58BBB6021EDC79000DF1D2F /* NSObject+MJCoding.m in Sources */,
				C58BBB8321EDC7D000DF1D2F /* MASCompositeConstraint.m in Sources */,
				C58BBB8721EDC7D000DF1D2F /* View+MASAdditions.m in Sources */,
				C58BBB6221EDC79000DF1D2F /* NSObject+MJProperty.m in Sources */,
				C58BBB6621EDC79000DF1D2F /* MJFoundation.m in Sources */,
				C58BBB8521EDC7D000DF1D2F /* MASLayoutConstraint.m in Sources */,
				C58BBB8421EDC7D000DF1D2F /* MASConstraintMaker.m in Sources */,
				C58BBB6121EDC79000DF1D2F /* MJExtensionConst.m in Sources */,
				C58BBB6521EDC79000DF1D2F /* MJPropertyKey.m in Sources */,
				C58BBB5E21EDC79000DF1D2F /* NSObject+MJKeyValue.m in Sources */,
				C58BBB8621EDC7D000DF1D2F /* NSArray+MASAdditions.m in Sources */,
				C58BBB5F21EDC79000DF1D2F /* MJProperty.m in Sources */,
				C58BBB8E21EDC87900DF1D2F /* UIView+Toast.m in Sources */,
				C58BBB6321EDC79000DF1D2F /* NSObject+MJClass.m in Sources */,
				C58BBB5D21EDC79000DF1D2F /* MJPropertyType.m in Sources */,
			);
			runOnlyForDeploymentPostprocessing = 0;
		};
/* End PBXSourcesBuildPhase section */

/* Begin XCBuildConfiguration section */
		C52DB2FA1E4C48EB009FBA5A /* Debug */ = {
			isa = XCBuildConfiguration;
			buildSettings = {
				ALWAYS_SEARCH_USER_PATHS = NO;
				CLANG_ANALYZER_NONNULL = YES;
				CLANG_CXX_LANGUAGE_STANDARD = "gnu++0x";
				CLANG_CXX_LIBRARY = "libc++";
				CLANG_ENABLE_MODULES = YES;
				CLANG_ENABLE_OBJC_ARC = YES;
				CLANG_WARN_BOOL_CONVERSION = YES;
				CLANG_WARN_CONSTANT_CONVERSION = YES;
				CLANG_WARN_DIRECT_OBJC_ISA_USAGE = YES_ERROR;
				CLANG_WARN_DOCUMENTATION_COMMENTS = YES;
				CLANG_WARN_EMPTY_BODY = YES;
				CLANG_WARN_ENUM_CONVERSION = YES;
				CLANG_WARN_INFINITE_RECURSION = YES;
				CLANG_WARN_INT_CONVERSION = YES;
				CLANG_WARN_OBJC_ROOT_CLASS = YES_ERROR;
				CLANG_WARN_SUSPICIOUS_MOVE = YES;
				CLANG_WARN_UNREACHABLE_CODE = YES;
				CLANG_WARN__DUPLICATE_METHOD_MATCH = YES;
				"CODE_SIGN_IDENTITY[sdk=iphoneos*]" = "iPhone Developer";
				COPY_PHASE_STRIP = NO;
				DEBUG_INFORMATION_FORMAT = dwarf;
				ENABLE_STRICT_OBJC_MSGSEND = YES;
				ENABLE_TESTABILITY = YES;
				GCC_C_LANGUAGE_STANDARD = gnu99;
				GCC_DYNAMIC_NO_PIC = NO;
				GCC_NO_COMMON_BLOCKS = YES;
				GCC_OPTIMIZATION_LEVEL = 0;
				GCC_PREPROCESSOR_DEFINITIONS = (
					"DEBUG=1",
					"$(inherited)",
				);
				GCC_WARN_64_TO_32_BIT_CONVERSION = YES;
				GCC_WARN_ABOUT_RETURN_TYPE = YES_ERROR;
				GCC_WARN_UNDECLARED_SELECTOR = YES;
				GCC_WARN_UNINITIALIZED_AUTOS = YES_AGGRESSIVE;
				GCC_WARN_UNUSED_FUNCTION = YES;
				GCC_WARN_UNUSED_VARIABLE = YES;
				IPHONEOS_DEPLOYMENT_TARGET = 10.2;
				MTL_ENABLE_DEBUG_INFO = YES;
				ONLY_ACTIVE_ARCH = YES;
				SDKROOT = iphoneos;
			};
			name = Debug;
		};
		C52DB2FB1E4C48EB009FBA5A /* Release */ = {
			isa = XCBuildConfiguration;
			buildSettings = {
				ALWAYS_SEARCH_USER_PATHS = NO;
				CLANG_ANALYZER_NONNULL = YES;
				CLANG_CXX_LANGUAGE_STANDARD = "gnu++0x";
				CLANG_CXX_LIBRARY = "libc++";
				CLANG_ENABLE_MODULES = YES;
				CLANG_ENABLE_OBJC_ARC = YES;
				CLANG_WARN_BOOL_CONVERSION = YES;
				CLANG_WARN_CONSTANT_CONVERSION = YES;
				CLANG_WARN_DIRECT_OBJC_ISA_USAGE = YES_ERROR;
				CLANG_WARN_DOCUMENTATION_COMMENTS = YES;
				CLANG_WARN_EMPTY_BODY = YES;
				CLANG_WARN_ENUM_CONVERSION = YES;
				CLANG_WARN_INFINITE_RECURSION = YES;
				CLANG_WARN_INT_CONVERSION = YES;
				CLANG_WARN_OBJC_ROOT_CLASS = YES_ERROR;
				CLANG_WARN_SUSPICIOUS_MOVE = YES;
				CLANG_WARN_UNREACHABLE_CODE = YES;
				CLANG_WARN__DUPLICATE_METHOD_MATCH = YES;
				"CODE_SIGN_IDENTITY[sdk=iphoneos*]" = "iPhone Developer";
				COPY_PHASE_STRIP = NO;
				DEBUG_INFORMATION_FORMAT = "dwarf-with-dsym";
				ENABLE_NS_ASSERTIONS = NO;
				ENABLE_STRICT_OBJC_MSGSEND = YES;
				GCC_C_LANGUAGE_STANDARD = gnu99;
				GCC_NO_COMMON_BLOCKS = YES;
				GCC_WARN_64_TO_32_BIT_CONVERSION = YES;
				GCC_WARN_ABOUT_RETURN_TYPE = YES_ERROR;
				GCC_WARN_UNDECLARED_SELECTOR = YES;
				GCC_WARN_UNINITIALIZED_AUTOS = YES_AGGRESSIVE;
				GCC_WARN_UNUSED_FUNCTION = YES;
				GCC_WARN_UNUSED_VARIABLE = YES;
				IPHONEOS_DEPLOYMENT_TARGET = 10.2;
				MTL_ENABLE_DEBUG_INFO = NO;
				SDKROOT = iphoneos;
				VALIDATE_PRODUCT = YES;
			};
			name = Release;
		};
		C52DB2FD1E4C48EB009FBA5A /* Debug */ = {
			isa = XCBuildConfiguration;
			buildSettings = {
				HEADER_SEARCH_PATHS = "";
				IPHONEOS_DEPLOYMENT_TARGET = 8.0;
				OTHER_LDFLAGS = "-ObjC";
				PRODUCT_NAME = "$(TARGET_NAME)";
				SKIP_INSTALL = YES;
			};
			name = Debug;
		};
		C52DB2FE1E4C48EB009FBA5A /* Release */ = {
			isa = XCBuildConfiguration;
			buildSettings = {
				HEADER_SEARCH_PATHS = "";
				IPHONEOS_DEPLOYMENT_TARGET = 8.0;
				OTHER_LDFLAGS = "-ObjC";
				PRODUCT_NAME = "$(TARGET_NAME)";
				SKIP_INSTALL = YES;
			};
			name = Release;
		};
/* End XCBuildConfiguration section */

/* Begin XCConfigurationList section */
		C52DB2EE1E4C48EB009FBA5A /* Build configuration list for PBXProject "MKKit" */ = {
			isa = XCConfigurationList;
			buildConfigurations = (
				C52DB2FA1E4C48EB009FBA5A /* Debug */,
				C52DB2FB1E4C48EB009FBA5A /* Release */,
			);
			defaultConfigurationIsVisible = 0;
			defaultConfigurationName = Release;
		};
		C52DB2FC1E4C48EB009FBA5A /* Build configuration list for PBXNativeTarget "MKKit" */ = {
			isa = XCConfigurationList;
			buildConfigurations = (
				C52DB2FD1E4C48EB009FBA5A /* Debug */,
				C52DB2FE1E4C48EB009FBA5A /* Release */,
			);
			defaultConfigurationIsVisible = 0;
			defaultConfigurationName = Release;
		};
/* End XCConfigurationList section */
	};
	rootObject = C52DB2EB1E4C48EB009FBA5A /* Project object */;
}
