// !$*UTF8*$!
{
	archiveVersion = 1;
	classes = {
	};
	objectVersion = 46;
	objects = {

/* Begin PBXBuildFile section */
		C52DB2F91E4C48EB009FBA5A /* MKKit.h in CopyFiles */ = {isa = PBXBuildFile; fileRef = C52DB2F61E4C48EB009FBA5A /* MKKit.h */; };
		C52DB30B1E4C4AFC009FBA5A /* UIView+Toast.m in Sources */ = {isa = PBXBuildFile; fileRef = C52DB30A1E4C4AFC009FBA5A /* UIView+Toast.m */; };
		C52DB30F1E4C4BF3009FBA5A /* UIKit.framework in Frameworks */ = {isa = PBXBuildFile; fileRef = C52DB30E1E4C4BF3009FBA5A /* UIKit.framework */; };
		C52DB3111E4C4C02009FBA5A /* Foundation.framework in Frameworks */ = {isa = PBXBuildFile; fileRef = C52DB3101E4C4C02009FBA5A /* Foundation.framework */; };
		C52DB3131E4C4C14009FBA5A /* Security.framework in Frameworks */ = {isa = PBXBuildFile; fileRef = C52DB3121E4C4C14009FBA5A /* Security.framework */; };
		C52DB3151E4C4C1E009FBA5A /* CoreImage.framework in Frameworks */ = {isa = PBXBuildFile; fileRef = C52DB3141E4C4C1D009FBA5A /* CoreImage.framework */; };
		C52DB3171E4C4C23009FBA5A /* AVFoundation.framework in Frameworks */ = {isa = PBXBuildFile; fileRef = C52DB3161E4C4C23009FBA5A /* AVFoundation.framework */; };
		C52DB3191E4C4C2C009FBA5A /* QuartzCore.framework in Frameworks */ = {isa = PBXBuildFile; fileRef = C52DB3181E4C4C2C009FBA5A /* QuartzCore.framework */; };
		C52DB31B1E4C4C38009FBA5A /* Accelerate.framework in Frameworks */ = {isa = PBXBuildFile; fileRef = C52DB31A1E4C4C38009FBA5A /* Accelerate.framework */; };
		C52DB31D1E4C4C43009FBA5A /* ImageIO.framework in Frameworks */ = {isa = PBXBuildFile; fileRef = C52DB31C1E4C4C43009FBA5A /* ImageIO.framework */; };
		C52DB39F1E4C7F5D009FBA5A /* MASCompositeConstraint.m in Sources */ = {isa = PBXBuildFile; fileRef = C52DB3871E4C7F5D009FBA5A /* MASCompositeConstraint.m */; };
		C52DB3A01E4C7F5D009FBA5A /* MASConstraint.m in Sources */ = {isa = PBXBuildFile; fileRef = C52DB38A1E4C7F5D009FBA5A /* MASConstraint.m */; };
		C52DB3A11E4C7F5D009FBA5A /* MASConstraintMaker.m in Sources */ = {isa = PBXBuildFile; fileRef = C52DB38C1E4C7F5D009FBA5A /* MASConstraintMaker.m */; };
		C52DB3A21E4C7F5D009FBA5A /* MASLayoutConstraint.m in Sources */ = {isa = PBXBuildFile; fileRef = C52DB38E1E4C7F5D009FBA5A /* MASLayoutConstraint.m */; };
		C52DB3A31E4C7F5D009FBA5A /* MASViewAttribute.m in Sources */ = {isa = PBXBuildFile; fileRef = C52DB3921E4C7F5D009FBA5A /* MASViewAttribute.m */; };
		C52DB3A41E4C7F5D009FBA5A /* MASViewConstraint.m in Sources */ = {isa = PBXBuildFile; fileRef = C52DB3941E4C7F5D009FBA5A /* MASViewConstraint.m */; };
		C52DB3A51E4C7F5D009FBA5A /* NSArray+MASAdditions.m in Sources */ = {isa = PBXBuildFile; fileRef = C52DB3961E4C7F5D009FBA5A /* NSArray+MASAdditions.m */; };
		C52DB3A61E4C7F5D009FBA5A /* NSLayoutConstraint+MASDebugAdditions.m in Sources */ = {isa = PBXBuildFile; fileRef = C52DB3991E4C7F5D009FBA5A /* NSLayoutConstraint+MASDebugAdditions.m */; };
		C52DB3A71E4C7F5D009FBA5A /* View+MASAdditions.m in Sources */ = {isa = PBXBuildFile; fileRef = C52DB39B1E4C7F5D009FBA5A /* View+MASAdditions.m */; };
		C52DB3A81E4C7F5D009FBA5A /* ViewController+MASAdditions.m in Sources */ = {isa = PBXBuildFile; fileRef = C52DB39E1E4C7F5D009FBA5A /* ViewController+MASAdditions.m */; };
		C547B42F1E4D4F8D002CECB1 /* MJExtensionConst.m in Sources */ = {isa = PBXBuildFile; fileRef = C547B41C1E4D4F8D002CECB1 /* MJExtensionConst.m */; };
		C547B4301E4D4F8D002CECB1 /* MJFoundation.m in Sources */ = {isa = PBXBuildFile; fileRef = C547B41E1E4D4F8D002CECB1 /* MJFoundation.m */; };
		C547B4311E4D4F8D002CECB1 /* MJProperty.m in Sources */ = {isa = PBXBuildFile; fileRef = C547B4201E4D4F8D002CECB1 /* MJProperty.m */; };
		C547B4321E4D4F8D002CECB1 /* MJPropertyKey.m in Sources */ = {isa = PBXBuildFile; fileRef = C547B4221E4D4F8D002CECB1 /* MJPropertyKey.m */; };
		C547B4331E4D4F8D002CECB1 /* MJPropertyType.m in Sources */ = {isa = PBXBuildFile; fileRef = C547B4241E4D4F8D002CECB1 /* MJPropertyType.m */; };
		C547B4341E4D4F8D002CECB1 /* NSObject+MJClass.m in Sources */ = {isa = PBXBuildFile; fileRef = C547B4261E4D4F8D002CECB1 /* NSObject+MJClass.m */; };
		C547B4351E4D4F8D002CECB1 /* NSObject+MJCoding.m in Sources */ = {isa = PBXBuildFile; fileRef = C547B4281E4D4F8D002CECB1 /* NSObject+MJCoding.m */; };
		C547B4361E4D4F8D002CECB1 /* NSObject+MJKeyValue.m in Sources */ = {isa = PBXBuildFile; fileRef = C547B42A1E4D4F8D002CECB1 /* NSObject+MJKeyValue.m */; };
		C547B4371E4D4F8D002CECB1 /* NSObject+MJProperty.m in Sources */ = {isa = PBXBuildFile; fileRef = C547B42C1E4D4F8D002CECB1 /* NSObject+MJProperty.m */; };
		C547B4381E4D4F8D002CECB1 /* NSString+MJExtension.m in Sources */ = {isa = PBXBuildFile; fileRef = C547B42E1E4D4F8D002CECB1 /* NSString+MJExtension.m */; };
		C547B48D1E4D5CD4002CECB1 /* NSObject+MKJsonAdd.m in Sources */ = {isa = PBXBuildFile; fileRef = C547B48C1E4D5CD4002CECB1 /* NSObject+MKJsonAdd.m */; };
		C56D43871E52EB3A007ADF35 /* MKDeviceHelper.m in Sources */ = {isa = PBXBuildFile; fileRef = C56D43861E52EB3A007ADF35 /* MKDeviceHelper.m */; };
		C56D438B1E5308C1007ADF35 /* MKRouter.m in Sources */ = {isa = PBXBuildFile; fileRef = C56D438A1E5308C1007ADF35 /* MKRouter.m */; };
		C57BE2F71E4D8CCA00177D4F /* CoreFoundation.framework in Frameworks */ = {isa = PBXBuildFile; fileRef = C57BE2F61E4D8CCA00177D4F /* CoreFoundation.framework */; };
		C57BE3001E4DBEA300177D4F /* UINavigationController+MKAdd.m in Sources */ = {isa = PBXBuildFile; fileRef = C57BE2FF1E4DBEA300177D4F /* UINavigationController+MKAdd.m */; };
		C57BE3031E4DC24400177D4F /* UIImage+MKAdd.m in Sources */ = {isa = PBXBuildFile; fileRef = C57BE3021E4DC24400177D4F /* UIImage+MKAdd.m */; };
		C59E2A521E53EDCA0066CC7B /* MKRouterHelper.m in Sources */ = {isa = PBXBuildFile; fileRef = C59E2A511E53EDCA0066CC7B /* MKRouterHelper.m */; };
		C59E2A571E542B140066CC7B /* MKAppInfoHelper.m in Sources */ = {isa = PBXBuildFile; fileRef = C59E2A561E542B140066CC7B /* MKAppInfoHelper.m */; };
		C59E2A5A1E5436950066CC7B /* MKUIHelper.m in Sources */ = {isa = PBXBuildFile; fileRef = C59E2A591E5436950066CC7B /* MKUIHelper.m */; };
		C5B4410D1E517C9500424ED9 /* NSObject+MKAdd.m in Sources */ = {isa = PBXBuildFile; fileRef = C5B4410C1E517C9500424ED9 /* NSObject+MKAdd.m */; };
		C5B441101E517DC300424ED9 /* NSString+MKAdd.m in Sources */ = {isa = PBXBuildFile; fileRef = C5B4410F1E517DC300424ED9 /* NSString+MKAdd.m */; };
		C5B441131E5180E000424ED9 /* UILabel+MKAdd.m in Sources */ = {isa = PBXBuildFile; fileRef = C5B441121E5180E000424ED9 /* UILabel+MKAdd.m */; };
		C5B4411D1E51909C00424ED9 /* Foundation+MKLog.m in Sources */ = {isa = PBXBuildFile; fileRef = C5B4411C1E51909C00424ED9 /* Foundation+MKLog.m */; };
		C5B441201E51AB1E00424ED9 /* NSObject+MKPropertyAdd.m in Sources */ = {isa = PBXBuildFile; fileRef = C5B4411F1E51AB1E00424ED9 /* NSObject+MKPropertyAdd.m */; };
/* End PBXBuildFile section */

/* Begin PBXCopyFilesBuildPhase section */
		C52DB2F11E4C48EB009FBA5A /* CopyFiles */ = {
			isa = PBXCopyFilesBuildPhase;
			buildActionMask = 2147483647;
			dstPath = "include/$(PRODUCT_NAME)";
			dstSubfolderSpec = 16;
			files = (
				C52DB2F91E4C48EB009FBA5A /* MKKit.h in CopyFiles */,
			);
			runOnlyForDeploymentPostprocessing = 0;
		};
/* End PBXCopyFilesBuildPhase section */

/* Begin PBXFileReference section */
		C52DB2F31E4C48EB009FBA5A /* libMKKit.a */ = {isa = PBXFileReference; explicitFileType = archive.ar; includeInIndex = 0; path = libMKKit.a; sourceTree = BUILT_PRODUCTS_DIR; };
		C52DB2F61E4C48EB009FBA5A /* MKKit.h */ = {isa = PBXFileReference; lastKnownFileType = sourcecode.c.h; path = MKKit.h; sourceTree = "<group>"; };
		C52DB3051E4C49F0009FBA5A /* MKKitConst.h */ = {isa = PBXFileReference; fileEncoding = 4; lastKnownFileType = sourcecode.c.h; path = MKKitConst.h; sourceTree = "<group>"; };
		C52DB3091E4C4AFC009FBA5A /* UIView+Toast.h */ = {isa = PBXFileReference; fileEncoding = 4; lastKnownFileType = sourcecode.c.h; path = "UIView+Toast.h"; sourceTree = "<group>"; };
		C52DB30A1E4C4AFC009FBA5A /* UIView+Toast.m */ = {isa = PBXFileReference; fileEncoding = 4; lastKnownFileType = sourcecode.c.objc; path = "UIView+Toast.m"; sourceTree = "<group>"; };
		C52DB30E1E4C4BF3009FBA5A /* UIKit.framework */ = {isa = PBXFileReference; lastKnownFileType = wrapper.framework; name = UIKit.framework; path = System/Library/Frameworks/UIKit.framework; sourceTree = SDKROOT; };
		C52DB3101E4C4C02009FBA5A /* Foundation.framework */ = {isa = PBXFileReference; lastKnownFileType = wrapper.framework; name = Foundation.framework; path = System/Library/Frameworks/Foundation.framework; sourceTree = SDKROOT; };
		C52DB3121E4C4C14009FBA5A /* Security.framework */ = {isa = PBXFileReference; lastKnownFileType = wrapper.framework; name = Security.framework; path = System/Library/Frameworks/Security.framework; sourceTree = SDKROOT; };
		C52DB3141E4C4C1D009FBA5A /* CoreImage.framework */ = {isa = PBXFileReference; lastKnownFileType = wrapper.framework; name = CoreImage.framework; path = System/Library/Frameworks/CoreImage.framework; sourceTree = SDKROOT; };
		C52DB3161E4C4C23009FBA5A /* AVFoundation.framework */ = {isa = PBXFileReference; lastKnownFileType = wrapper.framework; name = AVFoundation.framework; path = System/Library/Frameworks/AVFoundation.framework; sourceTree = SDKROOT; };
		C52DB3181E4C4C2C009FBA5A /* QuartzCore.framework */ = {isa = PBXFileReference; lastKnownFileType = wrapper.framework; name = QuartzCore.framework; path = System/Library/Frameworks/QuartzCore.framework; sourceTree = SDKROOT; };
		C52DB31A1E4C4C38009FBA5A /* Accelerate.framework */ = {isa = PBXFileReference; lastKnownFileType = wrapper.framework; name = Accelerate.framework; path = System/Library/Frameworks/Accelerate.framework; sourceTree = SDKROOT; };
		C52DB31C1E4C4C43009FBA5A /* ImageIO.framework */ = {isa = PBXFileReference; lastKnownFileType = wrapper.framework; name = ImageIO.framework; path = System/Library/Frameworks/ImageIO.framework; sourceTree = SDKROOT; };
		C52DB3861E4C7F5D009FBA5A /* MASCompositeConstraint.h */ = {isa = PBXFileReference; fileEncoding = 4; lastKnownFileType = sourcecode.c.h; path = MASCompositeConstraint.h; sourceTree = "<group>"; };
		C52DB3871E4C7F5D009FBA5A /* MASCompositeConstraint.m */ = {isa = PBXFileReference; fileEncoding = 4; lastKnownFileType = sourcecode.c.objc; path = MASCompositeConstraint.m; sourceTree = "<group>"; };
		C52DB3881E4C7F5D009FBA5A /* MASConstraint+Private.h */ = {isa = PBXFileReference; fileEncoding = 4; lastKnownFileType = sourcecode.c.h; path = "MASConstraint+Private.h"; sourceTree = "<group>"; };
		C52DB3891E4C7F5D009FBA5A /* MASConstraint.h */ = {isa = PBXFileReference; fileEncoding = 4; lastKnownFileType = sourcecode.c.h; path = MASConstraint.h; sourceTree = "<group>"; };
		C52DB38A1E4C7F5D009FBA5A /* MASConstraint.m */ = {isa = PBXFileReference; fileEncoding = 4; lastKnownFileType = sourcecode.c.objc; path = MASConstraint.m; sourceTree = "<group>"; };
		C52DB38B1E4C7F5D009FBA5A /* MASConstraintMaker.h */ = {isa = PBXFileReference; fileEncoding = 4; lastKnownFileType = sourcecode.c.h; path = MASConstraintMaker.h; sourceTree = "<group>"; };
		C52DB38C1E4C7F5D009FBA5A /* MASConstraintMaker.m */ = {isa = PBXFileReference; fileEncoding = 4; lastKnownFileType = sourcecode.c.objc; path = MASConstraintMaker.m; sourceTree = "<group>"; };
		C52DB38D1E4C7F5D009FBA5A /* MASLayoutConstraint.h */ = {isa = PBXFileReference; fileEncoding = 4; lastKnownFileType = sourcecode.c.h; path = MASLayoutConstraint.h; sourceTree = "<group>"; };
		C52DB38E1E4C7F5D009FBA5A /* MASLayoutConstraint.m */ = {isa = PBXFileReference; fileEncoding = 4; lastKnownFileType = sourcecode.c.objc; path = MASLayoutConstraint.m; sourceTree = "<group>"; };
		C52DB38F1E4C7F5D009FBA5A /* Masonry.h */ = {isa = PBXFileReference; fileEncoding = 4; lastKnownFileType = sourcecode.c.h; path = Masonry.h; sourceTree = "<group>"; };
		C52DB3901E4C7F5D009FBA5A /* MASUtilities.h */ = {isa = PBXFileReference; fileEncoding = 4; lastKnownFileType = sourcecode.c.h; path = MASUtilities.h; sourceTree = "<group>"; };
		C52DB3911E4C7F5D009FBA5A /* MASViewAttribute.h */ = {isa = PBXFileReference; fileEncoding = 4; lastKnownFileType = sourcecode.c.h; path = MASViewAttribute.h; sourceTree = "<group>"; };
		C52DB3921E4C7F5D009FBA5A /* MASViewAttribute.m */ = {isa = PBXFileReference; fileEncoding = 4; lastKnownFileType = sourcecode.c.objc; path = MASViewAttribute.m; sourceTree = "<group>"; };
		C52DB3931E4C7F5D009FBA5A /* MASViewConstraint.h */ = {isa = PBXFileReference; fileEncoding = 4; lastKnownFileType = sourcecode.c.h; path = MASViewConstraint.h; sourceTree = "<group>"; };
		C52DB3941E4C7F5D009FBA5A /* MASViewConstraint.m */ = {isa = PBXFileReference; fileEncoding = 4; lastKnownFileType = sourcecode.c.objc; path = MASViewConstraint.m; sourceTree = "<group>"; };
		C52DB3951E4C7F5D009FBA5A /* NSArray+MASAdditions.h */ = {isa = PBXFileReference; fileEncoding = 4; lastKnownFileType = sourcecode.c.h; path = "NSArray+MASAdditions.h"; sourceTree = "<group>"; };
		C52DB3961E4C7F5D009FBA5A /* NSArray+MASAdditions.m */ = {isa = PBXFileReference; fileEncoding = 4; lastKnownFileType = sourcecode.c.objc; path = "NSArray+MASAdditions.m"; sourceTree = "<group>"; };
		C52DB3971E4C7F5D009FBA5A /* NSArray+MASShorthandAdditions.h */ = {isa = PBXFileReference; fileEncoding = 4; lastKnownFileType = sourcecode.c.h; path = "NSArray+MASShorthandAdditions.h"; sourceTree = "<group>"; };
		C52DB3981E4C7F5D009FBA5A /* NSLayoutConstraint+MASDebugAdditions.h */ = {isa = PBXFileReference; fileEncoding = 4; lastKnownFileType = sourcecode.c.h; path = "NSLayoutConstraint+MASDebugAdditions.h"; sourceTree = "<group>"; };
		C52DB3991E4C7F5D009FBA5A /* NSLayoutConstraint+MASDebugAdditions.m */ = {isa = PBXFileReference; fileEncoding = 4; lastKnownFileType = sourcecode.c.objc; path = "NSLayoutConstraint+MASDebugAdditions.m"; sourceTree = "<group>"; };
		C52DB39A1E4C7F5D009FBA5A /* View+MASAdditions.h */ = {isa = PBXFileReference; fileEncoding = 4; lastKnownFileType = sourcecode.c.h; path = "View+MASAdditions.h"; sourceTree = "<group>"; };
		C52DB39B1E4C7F5D009FBA5A /* View+MASAdditions.m */ = {isa = PBXFileReference; fileEncoding = 4; lastKnownFileType = sourcecode.c.objc; path = "View+MASAdditions.m"; sourceTree = "<group>"; };
		C52DB39C1E4C7F5D009FBA5A /* View+MASShorthandAdditions.h */ = {isa = PBXFileReference; fileEncoding = 4; lastKnownFileType = sourcecode.c.h; path = "View+MASShorthandAdditions.h"; sourceTree = "<group>"; };
		C52DB39D1E4C7F5D009FBA5A /* ViewController+MASAdditions.h */ = {isa = PBXFileReference; fileEncoding = 4; lastKnownFileType = sourcecode.c.h; path = "ViewController+MASAdditions.h"; sourceTree = "<group>"; };
		C52DB39E1E4C7F5D009FBA5A /* ViewController+MASAdditions.m */ = {isa = PBXFileReference; fileEncoding = 4; lastKnownFileType = sourcecode.c.objc; path = "ViewController+MASAdditions.m"; sourceTree = "<group>"; };
		C547B41A1E4D4F8D002CECB1 /* MJExtension.h */ = {isa = PBXFileReference; fileEncoding = 4; lastKnownFileType = sourcecode.c.h; path = MJExtension.h; sourceTree = "<group>"; };
		C547B41B1E4D4F8D002CECB1 /* MJExtensionConst.h */ = {isa = PBXFileReference; fileEncoding = 4; lastKnownFileType = sourcecode.c.h; path = MJExtensionConst.h; sourceTree = "<group>"; };
		C547B41C1E4D4F8D002CECB1 /* MJExtensionConst.m */ = {isa = PBXFileReference; fileEncoding = 4; lastKnownFileType = sourcecode.c.objc; path = MJExtensionConst.m; sourceTree = "<group>"; };
		C547B41D1E4D4F8D002CECB1 /* MJFoundation.h */ = {isa = PBXFileReference; fileEncoding = 4; lastKnownFileType = sourcecode.c.h; path = MJFoundation.h; sourceTree = "<group>"; };
		C547B41E1E4D4F8D002CECB1 /* MJFoundation.m */ = {isa = PBXFileReference; fileEncoding = 4; lastKnownFileType = sourcecode.c.objc; path = MJFoundation.m; sourceTree = "<group>"; };
		C547B41F1E4D4F8D002CECB1 /* MJProperty.h */ = {isa = PBXFileReference; fileEncoding = 4; lastKnownFileType = sourcecode.c.h; path = MJProperty.h; sourceTree = "<group>"; };
		C547B4201E4D4F8D002CECB1 /* MJProperty.m */ = {isa = PBXFileReference; fileEncoding = 4; lastKnownFileType = sourcecode.c.objc; path = MJProperty.m; sourceTree = "<group>"; };
		C547B4211E4D4F8D002CECB1 /* MJPropertyKey.h */ = {isa = PBXFileReference; fileEncoding = 4; lastKnownFileType = sourcecode.c.h; path = MJPropertyKey.h; sourceTree = "<group>"; };
		C547B4221E4D4F8D002CECB1 /* MJPropertyKey.m */ = {isa = PBXFileReference; fileEncoding = 4; lastKnownFileType = sourcecode.c.objc; path = MJPropertyKey.m; sourceTree = "<group>"; };
		C547B4231E4D4F8D002CECB1 /* MJPropertyType.h */ = {isa = PBXFileReference; fileEncoding = 4; lastKnownFileType = sourcecode.c.h; path = MJPropertyType.h; sourceTree = "<group>"; };
		C547B4241E4D4F8D002CECB1 /* MJPropertyType.m */ = {isa = PBXFileReference; fileEncoding = 4; lastKnownFileType = sourcecode.c.objc; path = MJPropertyType.m; sourceTree = "<group>"; };
		C547B4251E4D4F8D002CECB1 /* NSObject+MJClass.h */ = {isa = PBXFileReference; fileEncoding = 4; lastKnownFileType = sourcecode.c.h; path = "NSObject+MJClass.h"; sourceTree = "<group>"; };
		C547B4261E4D4F8D002CECB1 /* NSObject+MJClass.m */ = {isa = PBXFileReference; fileEncoding = 4; lastKnownFileType = sourcecode.c.objc; path = "NSObject+MJClass.m"; sourceTree = "<group>"; };
		C547B4271E4D4F8D002CECB1 /* NSObject+MJCoding.h */ = {isa = PBXFileReference; fileEncoding = 4; lastKnownFileType = sourcecode.c.h; path = "NSObject+MJCoding.h"; sourceTree = "<group>"; };
		C547B4281E4D4F8D002CECB1 /* NSObject+MJCoding.m */ = {isa = PBXFileReference; fileEncoding = 4; lastKnownFileType = sourcecode.c.objc; path = "NSObject+MJCoding.m"; sourceTree = "<group>"; };
		C547B4291E4D4F8D002CECB1 /* NSObject+MJKeyValue.h */ = {isa = PBXFileReference; fileEncoding = 4; lastKnownFileType = sourcecode.c.h; path = "NSObject+MJKeyValue.h"; sourceTree = "<group>"; };
		C547B42A1E4D4F8D002CECB1 /* NSObject+MJKeyValue.m */ = {isa = PBXFileReference; fileEncoding = 4; lastKnownFileType = sourcecode.c.objc; path = "NSObject+MJKeyValue.m"; sourceTree = "<group>"; };
		C547B42B1E4D4F8D002CECB1 /* NSObject+MJProperty.h */ = {isa = PBXFileReference; fileEncoding = 4; lastKnownFileType = sourcecode.c.h; path = "NSObject+MJProperty.h"; sourceTree = "<group>"; };
		C547B42C1E4D4F8D002CECB1 /* NSObject+MJProperty.m */ = {isa = PBXFileReference; fileEncoding = 4; lastKnownFileType = sourcecode.c.objc; path = "NSObject+MJProperty.m"; sourceTree = "<group>"; };
		C547B42D1E4D4F8D002CECB1 /* NSString+MJExtension.h */ = {isa = PBXFileReference; fileEncoding = 4; lastKnownFileType = sourcecode.c.h; path = "NSString+MJExtension.h"; sourceTree = "<group>"; };
		C547B42E1E4D4F8D002CECB1 /* NSString+MJExtension.m */ = {isa = PBXFileReference; fileEncoding = 4; lastKnownFileType = sourcecode.c.objc; path = "NSString+MJExtension.m"; sourceTree = "<group>"; };
		C547B4881E4D5BFF002CECB1 /* MKCategoryHead.h */ = {isa = PBXFileReference; fileEncoding = 4; lastKnownFileType = sourcecode.c.h; path = MKCategoryHead.h; sourceTree = "<group>"; };
		C547B48B1E4D5CD4002CECB1 /* NSObject+MKJsonAdd.h */ = {isa = PBXFileReference; fileEncoding = 4; lastKnownFileType = sourcecode.c.h; path = "NSObject+MKJsonAdd.h"; sourceTree = "<group>"; };
		C547B48C1E4D5CD4002CECB1 /* NSObject+MKJsonAdd.m */ = {isa = PBXFileReference; fileEncoding = 4; lastKnownFileType = sourcecode.c.objc; path = "NSObject+MKJsonAdd.m"; sourceTree = "<group>"; };
		C56D43851E52EB3A007ADF35 /* MKDeviceHelper.h */ = {isa = PBXFileReference; fileEncoding = 4; lastKnownFileType = sourcecode.c.h; path = MKDeviceHelper.h; sourceTree = "<group>"; };
		C56D43861E52EB3A007ADF35 /* MKDeviceHelper.m */ = {isa = PBXFileReference; fileEncoding = 4; lastKnownFileType = sourcecode.c.objc; path = MKDeviceHelper.m; sourceTree = "<group>"; };
		C56D43891E5308C1007ADF35 /* MKRouter.h */ = {isa = PBXFileReference; fileEncoding = 4; lastKnownFileType = sourcecode.c.h; path = MKRouter.h; sourceTree = "<group>"; };
		C56D438A1E5308C1007ADF35 /* MKRouter.m */ = {isa = PBXFileReference; fileEncoding = 4; lastKnownFileType = sourcecode.c.objc; path = MKRouter.m; sourceTree = "<group>"; };
		C57BE2F61E4D8CCA00177D4F /* CoreFoundation.framework */ = {isa = PBXFileReference; lastKnownFileType = wrapper.framework; name = CoreFoundation.framework; path = System/Library/Frameworks/CoreFoundation.framework; sourceTree = SDKROOT; };
		C57BE2FE1E4DBEA300177D4F /* UINavigationController+MKAdd.h */ = {isa = PBXFileReference; fileEncoding = 4; lastKnownFileType = sourcecode.c.h; path = "UINavigationController+MKAdd.h"; sourceTree = "<group>"; };
		C57BE2FF1E4DBEA300177D4F /* UINavigationController+MKAdd.m */ = {isa = PBXFileReference; fileEncoding = 4; lastKnownFileType = sourcecode.c.objc; path = "UINavigationController+MKAdd.m"; sourceTree = "<group>"; };
		C57BE3011E4DC24400177D4F /* UIImage+MKAdd.h */ = {isa = PBXFileReference; fileEncoding = 4; lastKnownFileType = sourcecode.c.h; path = "UIImage+MKAdd.h"; sourceTree = "<group>"; };
		C57BE3021E4DC24400177D4F /* UIImage+MKAdd.m */ = {isa = PBXFileReference; fileEncoding = 4; lastKnownFileType = sourcecode.c.objc; path = "UIImage+MKAdd.m"; sourceTree = "<group>"; };
		C59E2A501E53EDCA0066CC7B /* MKRouterHelper.h */ = {isa = PBXFileReference; fileEncoding = 4; lastKnownFileType = sourcecode.c.h; path = MKRouterHelper.h; sourceTree = "<group>"; };
		C59E2A511E53EDCA0066CC7B /* MKRouterHelper.m */ = {isa = PBXFileReference; fileEncoding = 4; lastKnownFileType = sourcecode.c.objc; path = MKRouterHelper.m; sourceTree = "<group>"; };
		C59E2A551E542B140066CC7B /* MKAppInfoHelper.h */ = {isa = PBXFileReference; fileEncoding = 4; lastKnownFileType = sourcecode.c.h; path = MKAppInfoHelper.h; sourceTree = "<group>"; };
		C59E2A561E542B140066CC7B /* MKAppInfoHelper.m */ = {isa = PBXFileReference; fileEncoding = 4; lastKnownFileType = sourcecode.c.objc; path = MKAppInfoHelper.m; sourceTree = "<group>"; };
		C59E2A581E5436950066CC7B /* MKUIHelper.h */ = {isa = PBXFileReference; fileEncoding = 4; lastKnownFileType = sourcecode.c.h; path = MKUIHelper.h; sourceTree = "<group>"; };
		C59E2A591E5436950066CC7B /* MKUIHelper.m */ = {isa = PBXFileReference; fileEncoding = 4; lastKnownFileType = sourcecode.c.objc; path = MKUIHelper.m; sourceTree = "<group>"; };
		C5B4410B1E517C9500424ED9 /* NSObject+MKAdd.h */ = {isa = PBXFileReference; fileEncoding = 4; lastKnownFileType = sourcecode.c.h; path = "NSObject+MKAdd.h"; sourceTree = "<group>"; };
		C5B4410C1E517C9500424ED9 /* NSObject+MKAdd.m */ = {isa = PBXFileReference; fileEncoding = 4; lastKnownFileType = sourcecode.c.objc; path = "NSObject+MKAdd.m"; sourceTree = "<group>"; };
		C5B4410E1E517DC300424ED9 /* NSString+MKAdd.h */ = {isa = PBXFileReference; fileEncoding = 4; lastKnownFileType = sourcecode.c.h; path = "NSString+MKAdd.h"; sourceTree = "<group>"; };
		C5B4410F1E517DC300424ED9 /* NSString+MKAdd.m */ = {isa = PBXFileReference; fileEncoding = 4; lastKnownFileType = sourcecode.c.objc; path = "NSString+MKAdd.m"; sourceTree = "<group>"; };
		C5B441111E5180E000424ED9 /* UILabel+MKAdd.h */ = {isa = PBXFileReference; fileEncoding = 4; lastKnownFileType = sourcecode.c.h; path = "UILabel+MKAdd.h"; sourceTree = "<group>"; };
		C5B441121E5180E000424ED9 /* UILabel+MKAdd.m */ = {isa = PBXFileReference; fileEncoding = 4; lastKnownFileType = sourcecode.c.objc; path = "UILabel+MKAdd.m"; sourceTree = "<group>"; };
		C5B4411B1E51909C00424ED9 /* Foundation+MKLog.h */ = {isa = PBXFileReference; fileEncoding = 4; lastKnownFileType = sourcecode.c.h; path = "Foundation+MKLog.h"; sourceTree = "<group>"; };
		C5B4411C1E51909C00424ED9 /* Foundation+MKLog.m */ = {isa = PBXFileReference; fileEncoding = 4; lastKnownFileType = sourcecode.c.objc; path = "Foundation+MKLog.m"; sourceTree = "<group>"; };
		C5B4411E1E51AB1E00424ED9 /* NSObject+MKPropertyAdd.h */ = {isa = PBXFileReference; fileEncoding = 4; lastKnownFileType = sourcecode.c.h; path = "NSObject+MKPropertyAdd.h"; sourceTree = "<group>"; };
		C5B4411F1E51AB1E00424ED9 /* NSObject+MKPropertyAdd.m */ = {isa = PBXFileReference; fileEncoding = 4; lastKnownFileType = sourcecode.c.objc; path = "NSObject+MKPropertyAdd.m"; sourceTree = "<group>"; };
/* End PBXFileReference section */

/* Begin PBXFrameworksBuildPhase section */
		C52DB2F01E4C48EB009FBA5A /* Frameworks */ = {
			isa = PBXFrameworksBuildPhase;
			buildActionMask = 2147483647;
			files = (
				C57BE2F71E4D8CCA00177D4F /* CoreFoundation.framework in Frameworks */,
				C52DB31D1E4C4C43009FBA5A /* ImageIO.framework in Frameworks */,
				C52DB31B1E4C4C38009FBA5A /* Accelerate.framework in Frameworks */,
				C52DB3191E4C4C2C009FBA5A /* QuartzCore.framework in Frameworks */,
				C52DB3171E4C4C23009FBA5A /* AVFoundation.framework in Frameworks */,
				C52DB3151E4C4C1E009FBA5A /* CoreImage.framework in Frameworks */,
				C52DB3131E4C4C14009FBA5A /* Security.framework in Frameworks */,
				C52DB3111E4C4C02009FBA5A /* Foundation.framework in Frameworks */,
				C52DB30F1E4C4BF3009FBA5A /* UIKit.framework in Frameworks */,
			);
			runOnlyForDeploymentPostprocessing = 0;
		};
/* End PBXFrameworksBuildPhase section */

/* Begin PBXGroup section */
		C52DB2EA1E4C48EB009FBA5A = {
			isa = PBXGroup;
			children = (
				C52DB2F51E4C48EB009FBA5A /* MKKit */,
				C52DB2F41E4C48EB009FBA5A /* Products */,
				C52DB30D1E4C4BDF009FBA5A /* Frameworks */,
			);
			sourceTree = "<group>";
		};
		C52DB2F41E4C48EB009FBA5A /* Products */ = {
			isa = PBXGroup;
			children = (
				C52DB2F31E4C48EB009FBA5A /* libMKKit.a */,
			);
			name = Products;
			sourceTree = "<group>";
		};
		C52DB2F51E4C48EB009FBA5A /* MKKit */ = {
			isa = PBXGroup;
			children = (
				C52DB2F61E4C48EB009FBA5A /* MKKit.h */,
				C52DB3051E4C49F0009FBA5A /* MKKitConst.h */,
				C547B4871E4D5BE6002CECB1 /* Category */,
				C56D43841E52EB27007ADF35 /* MKHelper */,
				C56D43881E5308B3007ADF35 /* MKRouter */,
				C52DB3041E4C49B8009FBA5A /* Vendor */,
			);
			path = MKKit;
			sourceTree = "<group>";
		};
		C52DB3041E4C49B8009FBA5A /* Vendor */ = {
			isa = PBXGroup;
			children = (
				C547B4181E4D4F8D002CECB1 /* MJExtension */,
				C52DB3841E4C7F5D009FBA5A /* Masonry */,
				C52DB3081E4C4AFC009FBA5A /* Toast */,
			);
			path = Vendor;
			sourceTree = "<group>";
		};
		C52DB3081E4C4AFC009FBA5A /* Toast */ = {
			isa = PBXGroup;
			children = (
				C52DB3091E4C4AFC009FBA5A /* UIView+Toast.h */,
				C52DB30A1E4C4AFC009FBA5A /* UIView+Toast.m */,
			);
			path = Toast;
			sourceTree = "<group>";
		};
		C52DB30D1E4C4BDF009FBA5A /* Frameworks */ = {
			isa = PBXGroup;
			children = (
				C52DB31A1E4C4C38009FBA5A /* Accelerate.framework */,
				C52DB3161E4C4C23009FBA5A /* AVFoundation.framework */,
				C57BE2F61E4D8CCA00177D4F /* CoreFoundation.framework */,
				C52DB3141E4C4C1D009FBA5A /* CoreImage.framework */,
				C52DB3101E4C4C02009FBA5A /* Foundation.framework */,
				C52DB31C1E4C4C43009FBA5A /* ImageIO.framework */,
				C52DB3181E4C4C2C009FBA5A /* QuartzCore.framework */,
				C52DB3121E4C4C14009FBA5A /* Security.framework */,
				C52DB30E1E4C4BF3009FBA5A /* UIKit.framework */,
			);
			name = Frameworks;
			sourceTree = "<group>";
		};
		C52DB3841E4C7F5D009FBA5A /* Masonry */ = {
			isa = PBXGroup;
			children = (
				C52DB3861E4C7F5D009FBA5A /* MASCompositeConstraint.h */,
				C52DB3871E4C7F5D009FBA5A /* MASCompositeConstraint.m */,
				C52DB3881E4C7F5D009FBA5A /* MASConstraint+Private.h */,
				C52DB3891E4C7F5D009FBA5A /* MASConstraint.h */,
				C52DB38A1E4C7F5D009FBA5A /* MASConstraint.m */,
				C52DB38B1E4C7F5D009FBA5A /* MASConstraintMaker.h */,
				C52DB38C1E4C7F5D009FBA5A /* MASConstraintMaker.m */,
				C52DB38D1E4C7F5D009FBA5A /* MASLayoutConstraint.h */,
				C52DB38E1E4C7F5D009FBA5A /* MASLayoutConstraint.m */,
				C52DB38F1E4C7F5D009FBA5A /* Masonry.h */,
				C52DB3901E4C7F5D009FBA5A /* MASUtilities.h */,
				C52DB3911E4C7F5D009FBA5A /* MASViewAttribute.h */,
				C52DB3921E4C7F5D009FBA5A /* MASViewAttribute.m */,
				C52DB3931E4C7F5D009FBA5A /* MASViewConstraint.h */,
				C52DB3941E4C7F5D009FBA5A /* MASViewConstraint.m */,
				C52DB3951E4C7F5D009FBA5A /* NSArray+MASAdditions.h */,
				C52DB3961E4C7F5D009FBA5A /* NSArray+MASAdditions.m */,
				C52DB3971E4C7F5D009FBA5A /* NSArray+MASShorthandAdditions.h */,
				C52DB3981E4C7F5D009FBA5A /* NSLayoutConstraint+MASDebugAdditions.h */,
				C52DB3991E4C7F5D009FBA5A /* NSLayoutConstraint+MASDebugAdditions.m */,
				C52DB39A1E4C7F5D009FBA5A /* View+MASAdditions.h */,
				C52DB39B1E4C7F5D009FBA5A /* View+MASAdditions.m */,
				C52DB39C1E4C7F5D009FBA5A /* View+MASShorthandAdditions.h */,
				C52DB39D1E4C7F5D009FBA5A /* ViewController+MASAdditions.h */,
				C52DB39E1E4C7F5D009FBA5A /* ViewController+MASAdditions.m */,
			);
			path = Masonry;
			sourceTree = "<group>";
		};
		C547B4181E4D4F8D002CECB1 /* MJExtension */ = {
			isa = PBXGroup;
			children = (
				C547B41A1E4D4F8D002CECB1 /* MJExtension.h */,
				C547B41B1E4D4F8D002CECB1 /* MJExtensionConst.h */,
				C547B41C1E4D4F8D002CECB1 /* MJExtensionConst.m */,
				C547B41D1E4D4F8D002CECB1 /* MJFoundation.h */,
				C547B41E1E4D4F8D002CECB1 /* MJFoundation.m */,
				C547B41F1E4D4F8D002CECB1 /* MJProperty.h */,
				C547B4201E4D4F8D002CECB1 /* MJProperty.m */,
				C547B4211E4D4F8D002CECB1 /* MJPropertyKey.h */,
				C547B4221E4D4F8D002CECB1 /* MJPropertyKey.m */,
				C547B4231E4D4F8D002CECB1 /* MJPropertyType.h */,
				C547B4241E4D4F8D002CECB1 /* MJPropertyType.m */,
				C547B4251E4D4F8D002CECB1 /* NSObject+MJClass.h */,
				C547B4261E4D4F8D002CECB1 /* NSObject+MJClass.m */,
				C547B4271E4D4F8D002CECB1 /* NSObject+MJCoding.h */,
				C547B4281E4D4F8D002CECB1 /* NSObject+MJCoding.m */,
				C547B4291E4D4F8D002CECB1 /* NSObject+MJKeyValue.h */,
				C547B42A1E4D4F8D002CECB1 /* NSObject+MJKeyValue.m */,
				C547B42B1E4D4F8D002CECB1 /* NSObject+MJProperty.h */,
				C547B42C1E4D4F8D002CECB1 /* NSObject+MJProperty.m */,
				C547B42D1E4D4F8D002CECB1 /* NSString+MJExtension.h */,
				C547B42E1E4D4F8D002CECB1 /* NSString+MJExtension.m */,
			);
			path = MJExtension;
			sourceTree = "<group>";
		};
		C547B4871E4D5BE6002CECB1 /* Category */ = {
			isa = PBXGroup;
			children = (
				C547B4881E4D5BFF002CECB1 /* MKCategoryHead.h */,
				C5B4411B1E51909C00424ED9 /* Foundation+MKLog.h */,
				C5B4411C1E51909C00424ED9 /* Foundation+MKLog.m */,
				C5B4410B1E517C9500424ED9 /* NSObject+MKAdd.h */,
				C5B4410C1E517C9500424ED9 /* NSObject+MKAdd.m */,
				C547B48B1E4D5CD4002CECB1 /* NSObject+MKJsonAdd.h */,
				C547B48C1E4D5CD4002CECB1 /* NSObject+MKJsonAdd.m */,
				C5B4411E1E51AB1E00424ED9 /* NSObject+MKPropertyAdd.h */,
				C5B4411F1E51AB1E00424ED9 /* NSObject+MKPropertyAdd.m */,
				C5B4410E1E517DC300424ED9 /* NSString+MKAdd.h */,
				C5B4410F1E517DC300424ED9 /* NSString+MKAdd.m */,
				C57BE3011E4DC24400177D4F /* UIImage+MKAdd.h */,
				C57BE3021E4DC24400177D4F /* UIImage+MKAdd.m */,
				C5B441111E5180E000424ED9 /* UILabel+MKAdd.h */,
				C5B441121E5180E000424ED9 /* UILabel+MKAdd.m */,
				C57BE2FE1E4DBEA300177D4F /* UINavigationController+MKAdd.h */,
				C57BE2FF1E4DBEA300177D4F /* UINavigationController+MKAdd.m */,
			);
			path = Category;
			sourceTree = "<group>";
		};
		C56D43841E52EB27007ADF35 /* MKHelper */ = {
			isa = PBXGroup;
			children = (
				C59E2A551E542B140066CC7B /* MKAppInfoHelper.h */,
				C59E2A561E542B140066CC7B /* MKAppInfoHelper.m */,
				C56D43851E52EB3A007ADF35 /* MKDeviceHelper.h */,
				C56D43861E52EB3A007ADF35 /* MKDeviceHelper.m */,
				C59E2A581E5436950066CC7B /* MKUIHelper.h */,
				C59E2A591E5436950066CC7B /* MKUIHelper.m */,
			);
			path = MKHelper;
			sourceTree = "<group>";
		};
		C56D43881E5308B3007ADF35 /* MKRouter */ = {
			isa = PBXGroup;
			children = (
				C56D43891E5308C1007ADF35 /* MKRouter.h */,
				C56D438A1E5308C1007ADF35 /* MKRouter.m */,
				C59E2A501E53EDCA0066CC7B /* MKRouterHelper.h */,
				C59E2A511E53EDCA0066CC7B /* MKRouterHelper.m */,
			);
			path = MKRouter;
			sourceTree = "<group>";
		};
/* End PBXGroup section */

/* Begin PBXNativeTarget section */
		C52DB2F21E4C48EB009FBA5A /* MKKit */ = {
			isa = PBXNativeTarget;
			buildConfigurationList = C52DB2FC1E4C48EB009FBA5A /* Build configuration list for PBXNativeTarget "MKKit" */;
			buildPhases = (
				C52DB2EF1E4C48EB009FBA5A /* Sources */,
				C52DB2F01E4C48EB009FBA5A /* Frameworks */,
				C52DB2F11E4C48EB009FBA5A /* CopyFiles */,
			);
			buildRules = (
			);
			dependencies = (
			);
			name = MKKit;
			productName = MKKit;
			productReference = C52DB2F31E4C48EB009FBA5A /* libMKKit.a */;
			productType = "com.apple.product-type.library.static";
		};
/* End PBXNativeTarget section */

/* Begin PBXProject section */
		C52DB2EB1E4C48EB009FBA5A /* Project object */ = {
			isa = PBXProject;
			attributes = {
				LastUpgradeCheck = 0820;
				ORGANIZATIONNAME = mk;
				TargetAttributes = {
					C52DB2F21E4C48EB009FBA5A = {
						CreatedOnToolsVersion = 8.2.1;
						ProvisioningStyle = Automatic;
					};
				};
			};
			buildConfigurationList = C52DB2EE1E4C48EB009FBA5A /* Build configuration list for PBXProject "MKKit" */;
			compatibilityVersion = "Xcode 3.2";
			developmentRegion = English;
			hasScannedForEncodings = 0;
			knownRegions = (
				en,
			);
			mainGroup = C52DB2EA1E4C48EB009FBA5A;
			productRefGroup = C52DB2F41E4C48EB009FBA5A /* Products */;
			projectDirPath = "";
			projectRoot = "";
			targets = (
				C52DB2F21E4C48EB009FBA5A /* MKKit */,
			);
		};
/* End PBXProject section */

/* Begin PBXSourcesBuildPhase section */
		C52DB2EF1E4C48EB009FBA5A /* Sources */ = {
			isa = PBXSourcesBuildPhase;
			buildActionMask = 2147483647;
			files = (
				C52DB39F1E4C7F5D009FBA5A /* MASCompositeConstraint.m in Sources */,
				C547B4361E4D4F8D002CECB1 /* NSObject+MJKeyValue.m in Sources */,
				C5B441201E51AB1E00424ED9 /* NSObject+MKPropertyAdd.m in Sources */,
				C52DB3A11E4C7F5D009FBA5A /* MASConstraintMaker.m in Sources */,
				C59E2A521E53EDCA0066CC7B /* MKRouterHelper.m in Sources */,
				C52DB3A61E4C7F5D009FBA5A /* NSLayoutConstraint+MASDebugAdditions.m in Sources */,
				C52DB3A21E4C7F5D009FBA5A /* MASLayoutConstraint.m in Sources */,
				C547B42F1E4D4F8D002CECB1 /* MJExtensionConst.m in Sources */,
				C52DB30B1E4C4AFC009FBA5A /* UIView+Toast.m in Sources */,
				C57BE3031E4DC24400177D4F /* UIImage+MKAdd.m in Sources */,
				C56D43871E52EB3A007ADF35 /* MKDeviceHelper.m in Sources */,
				C547B4371E4D4F8D002CECB1 /* NSObject+MJProperty.m in Sources */,
				C547B4341E4D4F8D002CECB1 /* NSObject+MJClass.m in Sources */,
				C52DB3A81E4C7F5D009FBA5A /* ViewController+MASAdditions.m in Sources */,
				C59E2A571E542B140066CC7B /* MKAppInfoHelper.m in Sources */,
				C547B4321E4D4F8D002CECB1 /* MJPropertyKey.m in Sources */,
				C547B4301E4D4F8D002CECB1 /* MJFoundation.m in Sources */,
				C59E2A5A1E5436950066CC7B /* MKUIHelper.m in Sources */,
				C547B4331E4D4F8D002CECB1 /* MJPropertyType.m in Sources */,
				C547B48D1E4D5CD4002CECB1 /* NSObject+MKJsonAdd.m in Sources */,
				C52DB3A51E4C7F5D009FBA5A /* NSArray+MASAdditions.m in Sources */,
				C547B4311E4D4F8D002CECB1 /* MJProperty.m in Sources */,
				C5B4411D1E51909C00424ED9 /* Foundation+MKLog.m in Sources */,
				C52DB3A41E4C7F5D009FBA5A /* MASViewConstraint.m in Sources */,
				C547B4351E4D4F8D002CECB1 /* NSObject+MJCoding.m in Sources */,
				C56D438B1E5308C1007ADF35 /* MKRouter.m in Sources */,
				C5B441131E5180E000424ED9 /* UILabel+MKAdd.m in Sources */,
				C5B441101E517DC300424ED9 /* NSString+MKAdd.m in Sources */,
				C5B4410D1E517C9500424ED9 /* NSObject+MKAdd.m in Sources */,
				C547B4381E4D4F8D002CECB1 /* NSString+MJExtension.m in Sources */,
				C52DB3A01E4C7F5D009FBA5A /* MASConstraint.m in Sources */,
				C57BE3001E4DBEA300177D4F /* UINavigationController+MKAdd.m in Sources */,
				C52DB3A71E4C7F5D009FBA5A /* View+MASAdditions.m in Sources */,
				C52DB3A31E4C7F5D009FBA5A /* MASViewAttribute.m in Sources */,
			);
			runOnlyForDeploymentPostprocessing = 0;
		};
/* End PBXSourcesBuildPhase section */

/* Begin XCBuildConfiguration section */
		C52DB2FA1E4C48EB009FBA5A /* Debug */ = {
			isa = XCBuildConfiguration;
			buildSettings = {
				ALWAYS_SEARCH_USER_PATHS = NO;
				CLANG_ANALYZER_NONNULL = YES;
				CLANG_CXX_LANGUAGE_STANDARD = "gnu++0x";
				CLANG_CXX_LIBRARY = "libc++";
				CLANG_ENABLE_MODULES = YES;
				CLANG_ENABLE_OBJC_ARC = YES;
				CLANG_WARN_BOOL_CONVERSION = YES;
				CLANG_WARN_CONSTANT_CONVERSION = YES;
				CLANG_WARN_DIRECT_OBJC_ISA_USAGE = YES_ERROR;
				CLANG_WARN_DOCUMENTATION_COMMENTS = YES;
				CLANG_WARN_EMPTY_BODY = YES;
				CLANG_WARN_ENUM_CONVERSION = YES;
				CLANG_WARN_INFINITE_RECURSION = YES;
				CLANG_WARN_INT_CONVERSION = YES;
				CLANG_WARN_OBJC_ROOT_CLASS = YES_ERROR;
				CLANG_WARN_SUSPICIOUS_MOVE = YES;
				CLANG_WARN_UNREACHABLE_CODE = YES;
				CLANG_WARN__DUPLICATE_METHOD_MATCH = YES;
				"CODE_SIGN_IDENTITY[sdk=iphoneos*]" = "iPhone Developer";
				COPY_PHASE_STRIP = NO;
				DEBUG_INFORMATION_FORMAT = dwarf;
				ENABLE_STRICT_OBJC_MSGSEND = YES;
				ENABLE_TESTABILITY = YES;
				GCC_C_LANGUAGE_STANDARD = gnu99;
				GCC_DYNAMIC_NO_PIC = NO;
				GCC_NO_COMMON_BLOCKS = YES;
				GCC_OPTIMIZATION_LEVEL = 0;
				GCC_PREPROCESSOR_DEFINITIONS = (
					"DEBUG=1",
					"$(inherited)",
				);
				GCC_WARN_64_TO_32_BIT_CONVERSION = YES;
				GCC_WARN_ABOUT_RETURN_TYPE = YES_ERROR;
				GCC_WARN_UNDECLARED_SELECTOR = YES;
				GCC_WARN_UNINITIALIZED_AUTOS = YES_AGGRESSIVE;
				GCC_WARN_UNUSED_FUNCTION = YES;
				GCC_WARN_UNUSED_VARIABLE = YES;
				IPHONEOS_DEPLOYMENT_TARGET = 10.2;
				MTL_ENABLE_DEBUG_INFO = YES;
				ONLY_ACTIVE_ARCH = YES;
				SDKROOT = iphoneos;
			};
			name = Debug;
		};
		C52DB2FB1E4C48EB009FBA5A /* Release */ = {
			isa = XCBuildConfiguration;
			buildSettings = {
				ALWAYS_SEARCH_USER_PATHS = NO;
				CLANG_ANALYZER_NONNULL = YES;
				CLANG_CXX_LANGUAGE_STANDARD = "gnu++0x";
				CLANG_CXX_LIBRARY = "libc++";
				CLANG_ENABLE_MODULES = YES;
				CLANG_ENABLE_OBJC_ARC = YES;
				CLANG_WARN_BOOL_CONVERSION = YES;
				CLANG_WARN_CONSTANT_CONVERSION = YES;
				CLANG_WARN_DIRECT_OBJC_ISA_USAGE = YES_ERROR;
				CLANG_WARN_DOCUMENTATION_COMMENTS = YES;
				CLANG_WARN_EMPTY_BODY = YES;
				CLANG_WARN_ENUM_CONVERSION = YES;
				CLANG_WARN_INFINITE_RECURSION = YES;
				CLANG_WARN_INT_CONVERSION = YES;
				CLANG_WARN_OBJC_ROOT_CLASS = YES_ERROR;
				CLANG_WARN_SUSPICIOUS_MOVE = YES;
				CLANG_WARN_UNREACHABLE_CODE = YES;
				CLANG_WARN__DUPLICATE_METHOD_MATCH = YES;
				"CODE_SIGN_IDENTITY[sdk=iphoneos*]" = "iPhone Developer";
				COPY_PHASE_STRIP = NO;
				DEBUG_INFORMATION_FORMAT = "dwarf-with-dsym";
				ENABLE_NS_ASSERTIONS = NO;
				ENABLE_STRICT_OBJC_MSGSEND = YES;
				GCC_C_LANGUAGE_STANDARD = gnu99;
				GCC_NO_COMMON_BLOCKS = YES;
				GCC_WARN_64_TO_32_BIT_CONVERSION = YES;
				GCC_WARN_ABOUT_RETURN_TYPE = YES_ERROR;
				GCC_WARN_UNDECLARED_SELECTOR = YES;
				GCC_WARN_UNINITIALIZED_AUTOS = YES_AGGRESSIVE;
				GCC_WARN_UNUSED_FUNCTION = YES;
				GCC_WARN_UNUSED_VARIABLE = YES;
				IPHONEOS_DEPLOYMENT_TARGET = 10.2;
				MTL_ENABLE_DEBUG_INFO = NO;
				SDKROOT = iphoneos;
				VALIDATE_PRODUCT = YES;
			};
			name = Release;
		};
		C52DB2FD1E4C48EB009FBA5A /* Debug */ = {
			isa = XCBuildConfiguration;
			buildSettings = {
				HEADER_SEARCH_PATHS = "";
				IPHONEOS_DEPLOYMENT_TARGET = 8.0;
				OTHER_LDFLAGS = "-ObjC";
				PRODUCT_NAME = "$(TARGET_NAME)";
				SKIP_INSTALL = YES;
			};
			name = Debug;
		};
		C52DB2FE1E4C48EB009FBA5A /* Release */ = {
			isa = XCBuildConfiguration;
			buildSettings = {
				HEADER_SEARCH_PATHS = "";
				IPHONEOS_DEPLOYMENT_TARGET = 8.0;
				OTHER_LDFLAGS = "-ObjC";
				PRODUCT_NAME = "$(TARGET_NAME)";
				SKIP_INSTALL = YES;
			};
			name = Release;
		};
/* End XCBuildConfiguration section */

/* Begin XCConfigurationList section */
		C52DB2EE1E4C48EB009FBA5A /* Build configuration list for PBXProject "MKKit" */ = {
			isa = XCConfigurationList;
			buildConfigurations = (
				C52DB2FA1E4C48EB009FBA5A /* Debug */,
				C52DB2FB1E4C48EB009FBA5A /* Release */,
			);
			defaultConfigurationIsVisible = 0;
			defaultConfigurationName = Release;
		};
		C52DB2FC1E4C48EB009FBA5A /* Build configuration list for PBXNativeTarget "MKKit" */ = {
			isa = XCConfigurationList;
			buildConfigurations = (
				C52DB2FD1E4C48EB009FBA5A /* Debug */,
				C52DB2FE1E4C48EB009FBA5A /* Release */,
			);
			defaultConfigurationIsVisible = 0;
			defaultConfigurationName = Release;
		};
/* End XCConfigurationList section */
	};
	rootObject = C52DB2EB1E4C48EB009FBA5A /* Project object */;
}
