// !$*UTF8*$!
{
	archiveVersion = 1;
	classes = {
	};
	objectVersion = 46;
	objects = {

/* Begin PBXBuildFile section */
		1F2A5C2449799F9A850F96C8 /* libPods-CommonPods-MKKitTests.a in Frameworks */ = {isa = PBXBuildFile; fileRef = 2D4F332B146CA727091D971D /* libPods-CommonPods-MKKitTests.a */; };
		C5080E4321F59B89007C2F39 /* MKBlurView.m in Sources */ = {isa = PBXBuildFile; fileRef = C5080E4121F59B89007C2F39 /* MKBlurView.m */; };
		C5080E4B21F59C9C007C2F39 /* MKRightImageButton.m in Sources */ = {isa = PBXBuildFile; fileRef = C5080E4621F59C9C007C2F39 /* MKRightImageButton.m */; };
		C5080E4C21F59C9C007C2F39 /* MKVButton.m in Sources */ = {isa = PBXBuildFile; fileRef = C5080E4821F59C9C007C2F39 /* MKVButton.m */; };
		C5080E4D21F59C9C007C2F39 /* MKHyperlinkButton.m in Sources */ = {isa = PBXBuildFile; fileRef = C5080E4A21F59C9C007C2F39 /* MKHyperlinkButton.m */; };
		C5080EC521F5BC77007C2F39 /* CoreGraphics.framework in Frameworks */ = {isa = PBXBuildFile; fileRef = C5080EC421F5BC77007C2F39 /* CoreGraphics.framework */; };
		C5080EC721F5BC86007C2F39 /* MobileCoreServices.framework in Frameworks */ = {isa = PBXBuildFile; fileRef = C5080EC621F5BC85007C2F39 /* MobileCoreServices.framework */; };
		C5080EC921F5BC9B007C2F39 /* SystemConfiguration.framework in Frameworks */ = {isa = PBXBuildFile; fileRef = C5080EC821F5BC9B007C2F39 /* SystemConfiguration.framework */; };
		C5080ECF21F6AF77007C2F39 /* NSMutableURLRequest+MKAdd.m in Sources */ = {isa = PBXBuildFile; fileRef = C5080ECB21F6AF77007C2F39 /* NSMutableURLRequest+MKAdd.m */; };
		C5080ED021F6AF77007C2F39 /* MKNetwork.m in Sources */ = {isa = PBXBuildFile; fileRef = C5080ECE21F6AF77007C2F39 /* MKNetwork.m */; };
		C52DB2F91E4C48EB009FBA5A /* MKKit.h in CopyFiles */ = {isa = PBXBuildFile; fileRef = C52DB2F61E4C48EB009FBA5A /* MKKit.h */; };
		C52DB30F1E4C4BF3009FBA5A /* UIKit.framework in Frameworks */ = {isa = PBXBuildFile; fileRef = C52DB30E1E4C4BF3009FBA5A /* UIKit.framework */; };
		C52DB3111E4C4C02009FBA5A /* Foundation.framework in Frameworks */ = {isa = PBXBuildFile; fileRef = C52DB3101E4C4C02009FBA5A /* Foundation.framework */; };
		C52DB3131E4C4C14009FBA5A /* Security.framework in Frameworks */ = {isa = PBXBuildFile; fileRef = C52DB3121E4C4C14009FBA5A /* Security.framework */; };
		C52DB3151E4C4C1E009FBA5A /* CoreImage.framework in Frameworks */ = {isa = PBXBuildFile; fileRef = C52DB3141E4C4C1D009FBA5A /* CoreImage.framework */; };
		C52DB3171E4C4C23009FBA5A /* AVFoundation.framework in Frameworks */ = {isa = PBXBuildFile; fileRef = C52DB3161E4C4C23009FBA5A /* AVFoundation.framework */; };
		C52DB3191E4C4C2C009FBA5A /* QuartzCore.framework in Frameworks */ = {isa = PBXBuildFile; fileRef = C52DB3181E4C4C2C009FBA5A /* QuartzCore.framework */; };
		C52DB31B1E4C4C38009FBA5A /* Accelerate.framework in Frameworks */ = {isa = PBXBuildFile; fileRef = C52DB31A1E4C4C38009FBA5A /* Accelerate.framework */; };
		C52DB31D1E4C4C43009FBA5A /* ImageIO.framework in Frameworks */ = {isa = PBXBuildFile; fileRef = C52DB31C1E4C4C43009FBA5A /* ImageIO.framework */; };
		C53E077222115DF200FC09BB /* NSDictionary+MKAdd.m in Sources */ = {isa = PBXBuildFile; fileRef = C53E077122115DF200FC09BB /* NSDictionary+MKAdd.m */; };
		C53E077522115FBA00FC09BB /* MKDevicePermissionsUtils.m in Sources */ = {isa = PBXBuildFile; fileRef = C53E077422115FBA00FC09BB /* MKDevicePermissionsUtils.m */; };
		C53E07AA2214106000FC09BB /* NSArray+MKAdd.m in Sources */ = {isa = PBXBuildFile; fileRef = C53E07A92214106000FC09BB /* NSArray+MKAdd.m */; };
		C55CED0421F1BE280049B1C7 /* MKFileUtils.m in Sources */ = {isa = PBXBuildFile; fileRef = C55CED0221F1BE280049B1C7 /* MKFileUtils.m */; };
		C55CED0721F1CFFF0049B1C7 /* MKUtils.m in Sources */ = {isa = PBXBuildFile; fileRef = C55CED0521F1CFFF0049B1C7 /* MKUtils.m */; };
		C55CED0A21F1D6360049B1C7 /* MKImagePickerCtrlUtils.m in Sources */ = {isa = PBXBuildFile; fileRef = C55CED0821F1D6360049B1C7 /* MKImagePickerCtrlUtils.m */; };
		C55CED1121F1D8EC0049B1C7 /* UIAlertController+MKAdd.m in Sources */ = {isa = PBXBuildFile; fileRef = C55CED0E21F1D8EC0049B1C7 /* UIAlertController+MKAdd.m */; };
		C55CED1221F1D8EC0049B1C7 /* MKAlertView.m in Sources */ = {isa = PBXBuildFile; fileRef = C55CED1021F1D8EC0049B1C7 /* MKAlertView.m */; };
		C55CED1621F1DB1E0049B1C7 /* MKWindowView.m in Sources */ = {isa = PBXBuildFile; fileRef = C55CED1521F1DB1D0049B1C7 /* MKWindowView.m */; };
		C57BE2F71E4D8CCA00177D4F /* CoreFoundation.framework in Frameworks */ = {isa = PBXBuildFile; fileRef = C57BE2F61E4D8CCA00177D4F /* CoreFoundation.framework */; };
		C582CA0A2202C4C000547417 /* MKNavigationController.m in Sources */ = {isa = PBXBuildFile; fileRef = C582CA072202C4C000547417 /* MKNavigationController.m */; };
		C582CA0B2202C4C000547417 /* MKViewController.m in Sources */ = {isa = PBXBuildFile; fileRef = C582CA082202C4C000547417 /* MKViewController.m */; };
		C582CA0C2202C4C000547417 /* MKTabBarController.m in Sources */ = {isa = PBXBuildFile; fileRef = C582CA092202C4C000547417 /* MKTabBarController.m */; };
		C582CA2B2202ED9C00547417 /* MKRouter.m in Sources */ = {isa = PBXBuildFile; fileRef = C582CA282202ED9C00547417 /* MKRouter.m */; };
		C582CA2C2202ED9C00547417 /* UIViewController+MKRouter.m in Sources */ = {isa = PBXBuildFile; fileRef = C582CA2A2202ED9C00547417 /* UIViewController+MKRouter.m */; };
		C582CA4C2204227200547417 /* AFHTTPSessionManager+MKAdd.m in Sources */ = {isa = PBXBuildFile; fileRef = C582CA4A2204227200547417 /* AFHTTPSessionManager+MKAdd.m */; };
		C582CA54220425A600547417 /* MKKitTests.m in Sources */ = {isa = PBXBuildFile; fileRef = C582CA53220425A600547417 /* MKKitTests.m */; };
		C582CA56220425A600547417 /* libMKKit.a in Frameworks */ = {isa = PBXBuildFile; fileRef = C52DB2F31E4C48EB009FBA5A /* libMKKit.a */; };
		C58BBB9121EDCACC00DF1D2F /* UIView+MKLogAdd.m in Sources */ = {isa = PBXBuildFile; fileRef = C58BBB9021EDCACC00DF1D2F /* UIView+MKLogAdd.m */; };
		C58BBB9421EDCE7F00DF1D2F /* NSObject+MKJsonAdd.m in Sources */ = {isa = PBXBuildFile; fileRef = C58BBB9321EDCE7F00DF1D2F /* NSObject+MKJsonAdd.m */; };
		C58BBB9621EDCEEE00DF1D2F /* MKCategoryHeads.h in Sources */ = {isa = PBXBuildFile; fileRef = C58BBB9521EDCEEE00DF1D2F /* MKCategoryHeads.h */; };
		C58BBB9921EDD89B00DF1D2F /* NSObject+MKPropertyAdd.m in Sources */ = {isa = PBXBuildFile; fileRef = C58BBB9821EDD89B00DF1D2F /* NSObject+MKPropertyAdd.m */; };
		C58BBB9C21EDD9F800DF1D2F /* NSString+MKAdd.m in Sources */ = {isa = PBXBuildFile; fileRef = C58BBB9B21EDD9F800DF1D2F /* NSString+MKAdd.m */; };
		C58BBB9F21EDE6D200DF1D2F /* NSDate+MKAdd.m in Sources */ = {isa = PBXBuildFile; fileRef = C58BBB9E21EDE6D200DF1D2F /* NSDate+MKAdd.m */; };
		C58BBBA221EEFFD800DF1D2F /* UIButton+MKHitRect.m in Sources */ = {isa = PBXBuildFile; fileRef = C58BBBA021EEFFD800DF1D2F /* UIButton+MKHitRect.m */; };
		C58BBBA521EF028400DF1D2F /* UIImage+MKAdd.m in Sources */ = {isa = PBXBuildFile; fileRef = C58BBBA421EF028400DF1D2F /* UIImage+MKAdd.m */; };
		C58BBBA821EF0F1100DF1D2F /* UIImageView+MKTapAdd.m in Sources */ = {isa = PBXBuildFile; fileRef = C58BBBA621EF0F1100DF1D2F /* UIImageView+MKTapAdd.m */; };
		C58BBBAB21EF12F300DF1D2F /* UILabel+MKAdd.m in Sources */ = {isa = PBXBuildFile; fileRef = C58BBBA921EF12F300DF1D2F /* UILabel+MKAdd.m */; };
		C58BBBB121EF14C400DF1D2F /* UINavigationController+MKAdd.m in Sources */ = {isa = PBXBuildFile; fileRef = C58BBBAF21EF14C300DF1D2F /* UINavigationController+MKAdd.m */; };
		C58BBBB421EF177C00DF1D2F /* UITabBar+MKAdd.m in Sources */ = {isa = PBXBuildFile; fileRef = C58BBBB221EF177C00DF1D2F /* UITabBar+MKAdd.m */; };
		C58BBBB721EF1BBC00DF1D2F /* UITextField+MKAdd.m in Sources */ = {isa = PBXBuildFile; fileRef = C58BBBB621EF1BBC00DF1D2F /* UITextField+MKAdd.m */; };
		C58BBBBA21EF1EB600DF1D2F /* UITableViewCell+MKAdd.m in Sources */ = {isa = PBXBuildFile; fileRef = C58BBBB921EF1EB600DF1D2F /* UITableViewCell+MKAdd.m */; };
		C58BBBBD21EF21B500DF1D2F /* UIView+MKAdd.m in Sources */ = {isa = PBXBuildFile; fileRef = C58BBBBC21EF21B400DF1D2F /* UIView+MKAdd.m */; };
		C58BBBC021EF221200DF1D2F /* UIView+MKFrameAdd.m in Sources */ = {isa = PBXBuildFile; fileRef = C58BBBBF21EF221200DF1D2F /* UIView+MKFrameAdd.m */; };
		C58BBBC621EF2AC300DF1D2F /* MKDeviceUtils.m in Sources */ = {isa = PBXBuildFile; fileRef = C58BBBC521EF2AC300DF1D2F /* MKDeviceUtils.m */; };
		D9B8B20F64A94904A15506DD /* libPods-CommonPods-MKKit.a in Frameworks */ = {isa = PBXBuildFile; fileRef = CBECCBB78DF3C8573DCD0F3B /* libPods-CommonPods-MKKit.a */; };
/* End PBXBuildFile section */

/* Begin PBXContainerItemProxy section */
		C582CA57220425A600547417 /* PBXContainerItemProxy */ = {
			isa = PBXContainerItemProxy;
			containerPortal = C52DB2EB1E4C48EB009FBA5A /* Project object */;
			proxyType = 1;
			remoteGlobalIDString = C52DB2F21E4C48EB009FBA5A;
			remoteInfo = MKKit;
		};
/* End PBXContainerItemProxy section */

/* Begin PBXCopyFilesBuildPhase section */
		C52DB2F11E4C48EB009FBA5A /* CopyFiles */ = {
			isa = PBXCopyFilesBuildPhase;
			buildActionMask = 2147483647;
			dstPath = "include/$(PRODUCT_NAME)";
			dstSubfolderSpec = 16;
			files = (
				C52DB2F91E4C48EB009FBA5A /* MKKit.h in CopyFiles */,
			);
			runOnlyForDeploymentPostprocessing = 0;
		};
/* End PBXCopyFilesBuildPhase section */

/* Begin PBXFileReference section */
		2C89D823A96F79DA87E1679C /* Pods-CommonPods-MKKitTests.debug.xcconfig */ = {isa = PBXFileReference; includeInIndex = 1; lastKnownFileType = text.xcconfig; name = "Pods-CommonPods-MKKitTests.debug.xcconfig"; path = "Pods/Target Support Files/Pods-CommonPods-MKKitTests/Pods-CommonPods-MKKitTests.debug.xcconfig"; sourceTree = "<group>"; };
		2D4F332B146CA727091D971D /* libPods-CommonPods-MKKitTests.a */ = {isa = PBXFileReference; explicitFileType = archive.ar; includeInIndex = 0; path = "libPods-CommonPods-MKKitTests.a"; sourceTree = BUILT_PRODUCTS_DIR; };
		5425BA844D2BA23C26FBEFA6 /* Pods-CommonPods-MKKitTests.release.xcconfig */ = {isa = PBXFileReference; includeInIndex = 1; lastKnownFileType = text.xcconfig; name = "Pods-CommonPods-MKKitTests.release.xcconfig"; path = "Pods/Target Support Files/Pods-CommonPods-MKKitTests/Pods-CommonPods-MKKitTests.release.xcconfig"; sourceTree = "<group>"; };
		953AA43383598C1778EE0BC6 /* Pods-CommonPods-MKKit.release.xcconfig */ = {isa = PBXFileReference; includeInIndex = 1; lastKnownFileType = text.xcconfig; name = "Pods-CommonPods-MKKit.release.xcconfig"; path = "Pods/Target Support Files/Pods-CommonPods-MKKit/Pods-CommonPods-MKKit.release.xcconfig"; sourceTree = "<group>"; };
		BFEF2D28E92441DBB8FE5B8D /* Pods-CommonPods-MKKit.debug.xcconfig */ = {isa = PBXFileReference; includeInIndex = 1; lastKnownFileType = text.xcconfig; name = "Pods-CommonPods-MKKit.debug.xcconfig"; path = "Pods/Target Support Files/Pods-CommonPods-MKKit/Pods-CommonPods-MKKit.debug.xcconfig"; sourceTree = "<group>"; };
		C5080E4121F59B89007C2F39 /* MKBlurView.m */ = {isa = PBXFileReference; fileEncoding = 4; lastKnownFileType = sourcecode.c.objc; path = MKBlurView.m; sourceTree = "<group>"; };
		C5080E4221F59B89007C2F39 /* MKBlurView.h */ = {isa = PBXFileReference; fileEncoding = 4; lastKnownFileType = sourcecode.c.h; path = MKBlurView.h; sourceTree = "<group>"; };
		C5080E4521F59C9C007C2F39 /* MKVButton.h */ = {isa = PBXFileReference; fileEncoding = 4; lastKnownFileType = sourcecode.c.h; path = MKVButton.h; sourceTree = "<group>"; };
		C5080E4621F59C9C007C2F39 /* MKRightImageButton.m */ = {isa = PBXFileReference; fileEncoding = 4; lastKnownFileType = sourcecode.c.objc; path = MKRightImageButton.m; sourceTree = "<group>"; };
		C5080E4721F59C9C007C2F39 /* MKHyperlinkButton.h */ = {isa = PBXFileReference; fileEncoding = 4; lastKnownFileType = sourcecode.c.h; path = MKHyperlinkButton.h; sourceTree = "<group>"; };
		C5080E4821F59C9C007C2F39 /* MKVButton.m */ = {isa = PBXFileReference; fileEncoding = 4; lastKnownFileType = sourcecode.c.objc; path = MKVButton.m; sourceTree = "<group>"; };
		C5080E4921F59C9C007C2F39 /* MKRightImageButton.h */ = {isa = PBXFileReference; fileEncoding = 4; lastKnownFileType = sourcecode.c.h; path = MKRightImageButton.h; sourceTree = "<group>"; };
		C5080E4A21F59C9C007C2F39 /* MKHyperlinkButton.m */ = {isa = PBXFileReference; fileEncoding = 4; lastKnownFileType = sourcecode.c.objc; path = MKHyperlinkButton.m; sourceTree = "<group>"; };
		C5080EC421F5BC77007C2F39 /* CoreGraphics.framework */ = {isa = PBXFileReference; lastKnownFileType = wrapper.framework; name = CoreGraphics.framework; path = System/Library/Frameworks/CoreGraphics.framework; sourceTree = SDKROOT; };
		C5080EC621F5BC85007C2F39 /* MobileCoreServices.framework */ = {isa = PBXFileReference; lastKnownFileType = wrapper.framework; name = MobileCoreServices.framework; path = System/Library/Frameworks/MobileCoreServices.framework; sourceTree = SDKROOT; };
		C5080EC821F5BC9B007C2F39 /* SystemConfiguration.framework */ = {isa = PBXFileReference; lastKnownFileType = wrapper.framework; name = SystemConfiguration.framework; path = System/Library/Frameworks/SystemConfiguration.framework; sourceTree = SDKROOT; };
		C5080ECB21F6AF77007C2F39 /* NSMutableURLRequest+MKAdd.m */ = {isa = PBXFileReference; fileEncoding = 4; lastKnownFileType = sourcecode.c.objc; path = "NSMutableURLRequest+MKAdd.m"; sourceTree = "<group>"; };
		C5080ECC21F6AF77007C2F39 /* NSMutableURLRequest+MKAdd.h */ = {isa = PBXFileReference; fileEncoding = 4; lastKnownFileType = sourcecode.c.h; path = "NSMutableURLRequest+MKAdd.h"; sourceTree = "<group>"; };
		C5080ECD21F6AF77007C2F39 /* MKNetwork.h */ = {isa = PBXFileReference; fileEncoding = 4; lastKnownFileType = sourcecode.c.h; path = MKNetwork.h; sourceTree = "<group>"; };
		C5080ECE21F6AF77007C2F39 /* MKNetwork.m */ = {isa = PBXFileReference; fileEncoding = 4; lastKnownFileType = sourcecode.c.objc; path = MKNetwork.m; sourceTree = "<group>"; };
		C52DB2F31E4C48EB009FBA5A /* libMKKit.a */ = {isa = PBXFileReference; explicitFileType = archive.ar; includeInIndex = 0; path = libMKKit.a; sourceTree = BUILT_PRODUCTS_DIR; };
		C52DB2F61E4C48EB009FBA5A /* MKKit.h */ = {isa = PBXFileReference; lastKnownFileType = sourcecode.c.h; path = MKKit.h; sourceTree = "<group>"; };
		C52DB30E1E4C4BF3009FBA5A /* UIKit.framework */ = {isa = PBXFileReference; lastKnownFileType = wrapper.framework; name = UIKit.framework; path = System/Library/Frameworks/UIKit.framework; sourceTree = SDKROOT; };
		C52DB3101E4C4C02009FBA5A /* Foundation.framework */ = {isa = PBXFileReference; lastKnownFileType = wrapper.framework; name = Foundation.framework; path = System/Library/Frameworks/Foundation.framework; sourceTree = SDKROOT; };
		C52DB3121E4C4C14009FBA5A /* Security.framework */ = {isa = PBXFileReference; lastKnownFileType = wrapper.framework; name = Security.framework; path = System/Library/Frameworks/Security.framework; sourceTree = SDKROOT; };
		C52DB3141E4C4C1D009FBA5A /* CoreImage.framework */ = {isa = PBXFileReference; lastKnownFileType = wrapper.framework; name = CoreImage.framework; path = System/Library/Frameworks/CoreImage.framework; sourceTree = SDKROOT; };
		C52DB3161E4C4C23009FBA5A /* AVFoundation.framework */ = {isa = PBXFileReference; lastKnownFileType = wrapper.framework; name = AVFoundation.framework; path = System/Library/Frameworks/AVFoundation.framework; sourceTree = SDKROOT; };
		C52DB3181E4C4C2C009FBA5A /* QuartzCore.framework */ = {isa = PBXFileReference; lastKnownFileType = wrapper.framework; name = QuartzCore.framework; path = System/Library/Frameworks/QuartzCore.framework; sourceTree = SDKROOT; };
		C52DB31A1E4C4C38009FBA5A /* Accelerate.framework */ = {isa = PBXFileReference; lastKnownFileType = wrapper.framework; name = Accelerate.framework; path = System/Library/Frameworks/Accelerate.framework; sourceTree = SDKROOT; };
		C52DB31C1E4C4C43009FBA5A /* ImageIO.framework */ = {isa = PBXFileReference; lastKnownFileType = wrapper.framework; name = ImageIO.framework; path = System/Library/Frameworks/ImageIO.framework; sourceTree = SDKROOT; };
		C53E077022115DF200FC09BB /* NSDictionary+MKAdd.h */ = {isa = PBXFileReference; lastKnownFileType = sourcecode.c.h; path = "NSDictionary+MKAdd.h"; sourceTree = "<group>"; };
		C53E077122115DF200FC09BB /* NSDictionary+MKAdd.m */ = {isa = PBXFileReference; lastKnownFileType = sourcecode.c.objc; path = "NSDictionary+MKAdd.m"; sourceTree = "<group>"; };
		C53E077322115FBA00FC09BB /* MKDevicePermissionsUtils.h */ = {isa = PBXFileReference; fileEncoding = 4; lastKnownFileType = sourcecode.c.h; path = MKDevicePermissionsUtils.h; sourceTree = "<group>"; };
		C53E077422115FBA00FC09BB /* MKDevicePermissionsUtils.m */ = {isa = PBXFileReference; fileEncoding = 4; lastKnownFileType = sourcecode.c.objc; path = MKDevicePermissionsUtils.m; sourceTree = "<group>"; };
		C53E07A82214106000FC09BB /* NSArray+MKAdd.h */ = {isa = PBXFileReference; lastKnownFileType = sourcecode.c.h; path = "NSArray+MKAdd.h"; sourceTree = "<group>"; };
		C53E07A92214106000FC09BB /* NSArray+MKAdd.m */ = {isa = PBXFileReference; lastKnownFileType = sourcecode.c.objc; path = "NSArray+MKAdd.m"; sourceTree = "<group>"; };
		C55CED0221F1BE280049B1C7 /* MKFileUtils.m */ = {isa = PBXFileReference; fileEncoding = 4; lastKnownFileType = sourcecode.c.objc; path = MKFileUtils.m; sourceTree = "<group>"; };
		C55CED0321F1BE280049B1C7 /* MKFileUtils.h */ = {isa = PBXFileReference; fileEncoding = 4; lastKnownFileType = sourcecode.c.h; path = MKFileUtils.h; sourceTree = "<group>"; };
		C55CED0521F1CFFF0049B1C7 /* MKUtils.m */ = {isa = PBXFileReference; fileEncoding = 4; lastKnownFileType = sourcecode.c.objc; path = MKUtils.m; sourceTree = "<group>"; };
		C55CED0621F1CFFF0049B1C7 /* MKUtils.h */ = {isa = PBXFileReference; fileEncoding = 4; lastKnownFileType = sourcecode.c.h; path = MKUtils.h; sourceTree = "<group>"; };
		C55CED0821F1D6360049B1C7 /* MKImagePickerCtrlUtils.m */ = {isa = PBXFileReference; fileEncoding = 4; lastKnownFileType = sourcecode.c.objc; path = MKImagePickerCtrlUtils.m; sourceTree = "<group>"; };
		C55CED0921F1D6360049B1C7 /* MKImagePickerCtrlUtils.h */ = {isa = PBXFileReference; fileEncoding = 4; lastKnownFileType = sourcecode.c.h; path = MKImagePickerCtrlUtils.h; sourceTree = "<group>"; };
		C55CED0D21F1D8EC0049B1C7 /* MKAlertView.h */ = {isa = PBXFileReference; fileEncoding = 4; lastKnownFileType = sourcecode.c.h; path = MKAlertView.h; sourceTree = "<group>"; };
		C55CED0E21F1D8EC0049B1C7 /* UIAlertController+MKAdd.m */ = {isa = PBXFileReference; fileEncoding = 4; lastKnownFileType = sourcecode.c.objc; path = "UIAlertController+MKAdd.m"; sourceTree = "<group>"; };
		C55CED0F21F1D8EC0049B1C7 /* UIAlertController+MKAdd.h */ = {isa = PBXFileReference; fileEncoding = 4; lastKnownFileType = sourcecode.c.h; path = "UIAlertController+MKAdd.h"; sourceTree = "<group>"; };
		C55CED1021F1D8EC0049B1C7 /* MKAlertView.m */ = {isa = PBXFileReference; fileEncoding = 4; lastKnownFileType = sourcecode.c.objc; path = MKAlertView.m; sourceTree = "<group>"; };
		C55CED1421F1DB1D0049B1C7 /* MKWindowView.h */ = {isa = PBXFileReference; fileEncoding = 4; lastKnownFileType = sourcecode.c.h; path = MKWindowView.h; sourceTree = "<group>"; };
		C55CED1521F1DB1D0049B1C7 /* MKWindowView.m */ = {isa = PBXFileReference; fileEncoding = 4; lastKnownFileType = sourcecode.c.objc; path = MKWindowView.m; sourceTree = "<group>"; };
		C57BE2F61E4D8CCA00177D4F /* CoreFoundation.framework */ = {isa = PBXFileReference; lastKnownFileType = wrapper.framework; name = CoreFoundation.framework; path = System/Library/Frameworks/CoreFoundation.framework; sourceTree = SDKROOT; };
		C582CA042202C4C000547417 /* MKViewController.h */ = {isa = PBXFileReference; fileEncoding = 4; lastKnownFileType = sourcecode.c.h; path = MKViewController.h; sourceTree = "<group>"; };
		C582CA052202C4C000547417 /* MKNavigationController.h */ = {isa = PBXFileReference; fileEncoding = 4; lastKnownFileType = sourcecode.c.h; path = MKNavigationController.h; sourceTree = "<group>"; };
		C582CA062202C4C000547417 /* MKTabBarController.h */ = {isa = PBXFileReference; fileEncoding = 4; lastKnownFileType = sourcecode.c.h; path = MKTabBarController.h; sourceTree = "<group>"; };
		C582CA072202C4C000547417 /* MKNavigationController.m */ = {isa = PBXFileReference; fileEncoding = 4; lastKnownFileType = sourcecode.c.objc; path = MKNavigationController.m; sourceTree = "<group>"; };
		C582CA082202C4C000547417 /* MKViewController.m */ = {isa = PBXFileReference; fileEncoding = 4; lastKnownFileType = sourcecode.c.objc; path = MKViewController.m; sourceTree = "<group>"; };
		C582CA092202C4C000547417 /* MKTabBarController.m */ = {isa = PBXFileReference; fileEncoding = 4; lastKnownFileType = sourcecode.c.objc; path = MKTabBarController.m; sourceTree = "<group>"; };
		C582CA272202ED9C00547417 /* UIViewController+MKRouter.h */ = {isa = PBXFileReference; fileEncoding = 4; lastKnownFileType = sourcecode.c.h; path = "UIViewController+MKRouter.h"; sourceTree = "<group>"; };
		C582CA282202ED9C00547417 /* MKRouter.m */ = {isa = PBXFileReference; fileEncoding = 4; lastKnownFileType = sourcecode.c.objc; path = MKRouter.m; sourceTree = "<group>"; };
		C582CA292202ED9C00547417 /* MKRouter.h */ = {isa = PBXFileReference; fileEncoding = 4; lastKnownFileType = sourcecode.c.h; path = MKRouter.h; sourceTree = "<group>"; };
		C582CA2A2202ED9C00547417 /* UIViewController+MKRouter.m */ = {isa = PBXFileReference; fileEncoding = 4; lastKnownFileType = sourcecode.c.objc; path = "UIViewController+MKRouter.m"; sourceTree = "<group>"; };
		C582CA4A2204227200547417 /* AFHTTPSessionManager+MKAdd.m */ = {isa = PBXFileReference; fileEncoding = 4; lastKnownFileType = sourcecode.c.objc; path = "AFHTTPSessionManager+MKAdd.m"; sourceTree = "<group>"; };
		C582CA4B2204227200547417 /* AFHTTPSessionManager+MKAdd.h */ = {isa = PBXFileReference; fileEncoding = 4; lastKnownFileType = sourcecode.c.h; path = "AFHTTPSessionManager+MKAdd.h"; sourceTree = "<group>"; };
		C582CA51220425A600547417 /* MKKitTests.xctest */ = {isa = PBXFileReference; explicitFileType = wrapper.cfbundle; includeInIndex = 0; path = MKKitTests.xctest; sourceTree = BUILT_PRODUCTS_DIR; };
		C582CA53220425A600547417 /* MKKitTests.m */ = {isa = PBXFileReference; lastKnownFileType = sourcecode.c.objc; path = MKKitTests.m; sourceTree = "<group>"; };
		C582CA55220425A600547417 /* Info.plist */ = {isa = PBXFileReference; lastKnownFileType = text.plist.xml; path = Info.plist; sourceTree = "<group>"; };
		C58BBB4421EDBF4700DF1D2F /* MKConst.h */ = {isa = PBXFileReference; lastKnownFileType = sourcecode.c.h; path = MKConst.h; sourceTree = "<group>"; };
		C58BBB8F21EDCACC00DF1D2F /* UIView+MKLogAdd.h */ = {isa = PBXFileReference; lastKnownFileType = sourcecode.c.h; path = "UIView+MKLogAdd.h"; sourceTree = "<group>"; };
		C58BBB9021EDCACC00DF1D2F /* UIView+MKLogAdd.m */ = {isa = PBXFileReference; lastKnownFileType = sourcecode.c.objc; path = "UIView+MKLogAdd.m"; sourceTree = "<group>"; };
		C58BBB9221EDCE7F00DF1D2F /* NSObject+MKJsonAdd.h */ = {isa = PBXFileReference; lastKnownFileType = sourcecode.c.h; path = "NSObject+MKJsonAdd.h"; sourceTree = "<group>"; };
		C58BBB9321EDCE7F00DF1D2F /* NSObject+MKJsonAdd.m */ = {isa = PBXFileReference; lastKnownFileType = sourcecode.c.objc; path = "NSObject+MKJsonAdd.m"; sourceTree = "<group>"; };
		C58BBB9521EDCEEE00DF1D2F /* MKCategoryHeads.h */ = {isa = PBXFileReference; lastKnownFileType = sourcecode.c.h; path = MKCategoryHeads.h; sourceTree = "<group>"; };
		C58BBB9721EDD89B00DF1D2F /* NSObject+MKPropertyAdd.h */ = {isa = PBXFileReference; lastKnownFileType = sourcecode.c.h; path = "NSObject+MKPropertyAdd.h"; sourceTree = "<group>"; };
		C58BBB9821EDD89B00DF1D2F /* NSObject+MKPropertyAdd.m */ = {isa = PBXFileReference; lastKnownFileType = sourcecode.c.objc; path = "NSObject+MKPropertyAdd.m"; sourceTree = "<group>"; };
		C58BBB9A21EDD9F800DF1D2F /* NSString+MKAdd.h */ = {isa = PBXFileReference; lastKnownFileType = sourcecode.c.h; path = "NSString+MKAdd.h"; sourceTree = "<group>"; };
		C58BBB9B21EDD9F800DF1D2F /* NSString+MKAdd.m */ = {isa = PBXFileReference; lastKnownFileType = sourcecode.c.objc; path = "NSString+MKAdd.m"; sourceTree = "<group>"; };
		C58BBB9D21EDE6D200DF1D2F /* NSDate+MKAdd.h */ = {isa = PBXFileReference; lastKnownFileType = sourcecode.c.h; path = "NSDate+MKAdd.h"; sourceTree = "<group>"; };
		C58BBB9E21EDE6D200DF1D2F /* NSDate+MKAdd.m */ = {isa = PBXFileReference; lastKnownFileType = sourcecode.c.objc; path = "NSDate+MKAdd.m"; sourceTree = "<group>"; };
		C58BBBA021EEFFD800DF1D2F /* UIButton+MKHitRect.m */ = {isa = PBXFileReference; fileEncoding = 4; lastKnownFileType = sourcecode.c.objc; path = "UIButton+MKHitRect.m"; sourceTree = "<group>"; };
		C58BBBA121EEFFD800DF1D2F /* UIButton+MKHitRect.h */ = {isa = PBXFileReference; fileEncoding = 4; lastKnownFileType = sourcecode.c.h; path = "UIButton+MKHitRect.h"; sourceTree = "<group>"; };
		C58BBBA321EF028400DF1D2F /* UIImage+MKAdd.h */ = {isa = PBXFileReference; lastKnownFileType = sourcecode.c.h; path = "UIImage+MKAdd.h"; sourceTree = "<group>"; };
		C58BBBA421EF028400DF1D2F /* UIImage+MKAdd.m */ = {isa = PBXFileReference; lastKnownFileType = sourcecode.c.objc; path = "UIImage+MKAdd.m"; sourceTree = "<group>"; };
		C58BBBA621EF0F1100DF1D2F /* UIImageView+MKTapAdd.m */ = {isa = PBXFileReference; fileEncoding = 4; lastKnownFileType = sourcecode.c.objc; path = "UIImageView+MKTapAdd.m"; sourceTree = "<group>"; };
		C58BBBA721EF0F1100DF1D2F /* UIImageView+MKTapAdd.h */ = {isa = PBXFileReference; fileEncoding = 4; lastKnownFileType = sourcecode.c.h; path = "UIImageView+MKTapAdd.h"; sourceTree = "<group>"; };
		C58BBBA921EF12F300DF1D2F /* UILabel+MKAdd.m */ = {isa = PBXFileReference; fileEncoding = 4; lastKnownFileType = sourcecode.c.objc; path = "UILabel+MKAdd.m"; sourceTree = "<group>"; };
		C58BBBAA21EF12F300DF1D2F /* UILabel+MKAdd.h */ = {isa = PBXFileReference; fileEncoding = 4; lastKnownFileType = sourcecode.c.h; path = "UILabel+MKAdd.h"; sourceTree = "<group>"; };
		C58BBBAF21EF14C300DF1D2F /* UINavigationController+MKAdd.m */ = {isa = PBXFileReference; fileEncoding = 4; lastKnownFileType = sourcecode.c.objc; path = "UINavigationController+MKAdd.m"; sourceTree = "<group>"; };
		C58BBBB021EF14C400DF1D2F /* UINavigationController+MKAdd.h */ = {isa = PBXFileReference; fileEncoding = 4; lastKnownFileType = sourcecode.c.h; path = "UINavigationController+MKAdd.h"; sourceTree = "<group>"; };
		C58BBBB221EF177C00DF1D2F /* UITabBar+MKAdd.m */ = {isa = PBXFileReference; fileEncoding = 4; lastKnownFileType = sourcecode.c.objc; path = "UITabBar+MKAdd.m"; sourceTree = "<group>"; };
		C58BBBB321EF177C00DF1D2F /* UITabBar+MKAdd.h */ = {isa = PBXFileReference; fileEncoding = 4; lastKnownFileType = sourcecode.c.h; path = "UITabBar+MKAdd.h"; sourceTree = "<group>"; };
		C58BBBB521EF1BBC00DF1D2F /* UITextField+MKAdd.h */ = {isa = PBXFileReference; fileEncoding = 4; lastKnownFileType = sourcecode.c.h; path = "UITextField+MKAdd.h"; sourceTree = "<group>"; };
		C58BBBB621EF1BBC00DF1D2F /* UITextField+MKAdd.m */ = {isa = PBXFileReference; fileEncoding = 4; lastKnownFileType = sourcecode.c.objc; path = "UITextField+MKAdd.m"; sourceTree = "<group>"; };
		C58BBBB821EF1EB600DF1D2F /* UITableViewCell+MKAdd.h */ = {isa = PBXFileReference; fileEncoding = 4; lastKnownFileType = sourcecode.c.h; path = "UITableViewCell+MKAdd.h"; sourceTree = "<group>"; };
		C58BBBB921EF1EB600DF1D2F /* UITableViewCell+MKAdd.m */ = {isa = PBXFileReference; fileEncoding = 4; lastKnownFileType = sourcecode.c.objc; path = "UITableViewCell+MKAdd.m"; sourceTree = "<group>"; };
		C58BBBBB21EF21B400DF1D2F /* UIView+MKAdd.h */ = {isa = PBXFileReference; fileEncoding = 4; lastKnownFileType = sourcecode.c.h; path = "UIView+MKAdd.h"; sourceTree = "<group>"; };
		C58BBBBC21EF21B400DF1D2F /* UIView+MKAdd.m */ = {isa = PBXFileReference; fileEncoding = 4; lastKnownFileType = sourcecode.c.objc; path = "UIView+MKAdd.m"; sourceTree = "<group>"; };
		C58BBBBE21EF221200DF1D2F /* UIView+MKFrameAdd.h */ = {isa = PBXFileReference; lastKnownFileType = sourcecode.c.h; path = "UIView+MKFrameAdd.h"; sourceTree = "<group>"; };
		C58BBBBF21EF221200DF1D2F /* UIView+MKFrameAdd.m */ = {isa = PBXFileReference; lastKnownFileType = sourcecode.c.objc; path = "UIView+MKFrameAdd.m"; sourceTree = "<group>"; };
		C58BBBC421EF2AC300DF1D2F /* MKDeviceUtils.h */ = {isa = PBXFileReference; fileEncoding = 4; lastKnownFileType = sourcecode.c.h; path = MKDeviceUtils.h; sourceTree = "<group>"; };
		C58BBBC521EF2AC300DF1D2F /* MKDeviceUtils.m */ = {isa = PBXFileReference; fileEncoding = 4; lastKnownFileType = sourcecode.c.objc; path = MKDeviceUtils.m; sourceTree = "<group>"; };
		CBECCBB78DF3C8573DCD0F3B /* libPods-CommonPods-MKKit.a */ = {isa = PBXFileReference; explicitFileType = archive.ar; includeInIndex = 0; path = "libPods-CommonPods-MKKit.a"; sourceTree = BUILT_PRODUCTS_DIR; };
/* End PBXFileReference section */

/* Begin PBXFrameworksBuildPhase section */
		C52DB2F01E4C48EB009FBA5A /* Frameworks */ = {
			isa = PBXFrameworksBuildPhase;
			buildActionMask = 2147483647;
			files = (
				C52DB31B1E4C4C38009FBA5A /* Accelerate.framework in Frameworks */,
				C52DB3171E4C4C23009FBA5A /* AVFoundation.framework in Frameworks */,
				C57BE2F71E4D8CCA00177D4F /* CoreFoundation.framework in Frameworks */,
				C5080EC521F5BC77007C2F39 /* CoreGraphics.framework in Frameworks */,
				C52DB3151E4C4C1E009FBA5A /* CoreImage.framework in Frameworks */,
				C52DB3111E4C4C02009FBA5A /* Foundation.framework in Frameworks */,
				C52DB31D1E4C4C43009FBA5A /* ImageIO.framework in Frameworks */,
				C5080EC721F5BC86007C2F39 /* MobileCoreServices.framework in Frameworks */,
				C52DB3191E4C4C2C009FBA5A /* QuartzCore.framework in Frameworks */,
				C52DB3131E4C4C14009FBA5A /* Security.framework in Frameworks */,
				C5080EC921F5BC9B007C2F39 /* SystemConfiguration.framework in Frameworks */,
				C52DB30F1E4C4BF3009FBA5A /* UIKit.framework in Frameworks */,
				D9B8B20F64A94904A15506DD /* libPods-CommonPods-MKKit.a in Frameworks */,
			);
			runOnlyForDeploymentPostprocessing = 0;
		};
		C582CA4E220425A600547417 /* Frameworks */ = {
			isa = PBXFrameworksBuildPhase;
			buildActionMask = 2147483647;
			files = (
				C582CA56220425A600547417 /* libMKKit.a in Frameworks */,
				1F2A5C2449799F9A850F96C8 /* libPods-CommonPods-MKKitTests.a in Frameworks */,
			);
			runOnlyForDeploymentPostprocessing = 0;
		};
/* End PBXFrameworksBuildPhase section */

/* Begin PBXGroup section */
		C5080E4021F59B89007C2F39 /* MKBlurView */ = {
			isa = PBXGroup;
			children = (
				C5080E4221F59B89007C2F39 /* MKBlurView.h */,
				C5080E4121F59B89007C2F39 /* MKBlurView.m */,
			);
			path = MKBlurView;
			sourceTree = "<group>";
		};
		C5080E4421F59C9C007C2F39 /* MKButton */ = {
			isa = PBXGroup;
			children = (
				C5080E4721F59C9C007C2F39 /* MKHyperlinkButton.h */,
				C5080E4A21F59C9C007C2F39 /* MKHyperlinkButton.m */,
				C5080E4921F59C9C007C2F39 /* MKRightImageButton.h */,
				C5080E4621F59C9C007C2F39 /* MKRightImageButton.m */,
				C5080E4521F59C9C007C2F39 /* MKVButton.h */,
				C5080E4821F59C9C007C2F39 /* MKVButton.m */,
			);
			path = MKButton;
			sourceTree = "<group>";
		};
		C5080ECA21F6AF43007C2F39 /* Network */ = {
			isa = PBXGroup;
			children = (
				C582CA4B2204227200547417 /* AFHTTPSessionManager+MKAdd.h */,
				C582CA4A2204227200547417 /* AFHTTPSessionManager+MKAdd.m */,
				C5080ECD21F6AF77007C2F39 /* MKNetwork.h */,
				C5080ECE21F6AF77007C2F39 /* MKNetwork.m */,
				C5080ECC21F6AF77007C2F39 /* NSMutableURLRequest+MKAdd.h */,
				C5080ECB21F6AF77007C2F39 /* NSMutableURLRequest+MKAdd.m */,
			);
			path = Network;
			sourceTree = "<group>";
		};
		C509FC171E5C49B100D48007 /* Subassembly */ = {
			isa = PBXGroup;
			children = (
				C55CED0C21F1D8EC0049B1C7 /* MKAlertView */,
				C5080E4021F59B89007C2F39 /* MKBlurView */,
				C5080E4421F59C9C007C2F39 /* MKButton */,
				C55CED0B21F1D8E00049B1C7 /* MKImagePickerCtrlUtils */,
				C55CED1321F1DB1D0049B1C7 /* MKWindowView */,
			);
			path = Subassembly;
			sourceTree = "<group>";
		};
		C52DB2EA1E4C48EB009FBA5A = {
			isa = PBXGroup;
			children = (
				C52DB2F51E4C48EB009FBA5A /* MKKit */,
				C582CA52220425A600547417 /* MKKitTests */,
				C52DB2F41E4C48EB009FBA5A /* Products */,
				C52DB30D1E4C4BDF009FBA5A /* Frameworks */,
				DFEEBCC61843C8AE09856F25 /* Pods */,
			);
			sourceTree = "<group>";
		};
		C52DB2F41E4C48EB009FBA5A /* Products */ = {
			isa = PBXGroup;
			children = (
				C52DB2F31E4C48EB009FBA5A /* libMKKit.a */,
				C582CA51220425A600547417 /* MKKitTests.xctest */,
			);
			name = Products;
			sourceTree = "<group>";
		};
		C52DB2F51E4C48EB009FBA5A /* MKKit */ = {
			isa = PBXGroup;
			children = (
				C58BBB4421EDBF4700DF1D2F /* MKConst.h */,
				C52DB2F61E4C48EB009FBA5A /* MKKit.h */,
				C582CA032202C4C000547417 /* BaseClass */,
				C547B4871E4D5BE6002CECB1 /* Category */,
				C582CA262202ED9C00547417 /* MKRouter */,
				C5080ECA21F6AF43007C2F39 /* Network */,
				C509FC171E5C49B100D48007 /* Subassembly */,
				C56D43841E52EB27007ADF35 /* Utils */,
			);
			path = MKKit;
			sourceTree = "<group>";
		};
		C52DB30D1E4C4BDF009FBA5A /* Frameworks */ = {
			isa = PBXGroup;
			children = (
				C52DB31A1E4C4C38009FBA5A /* Accelerate.framework */,
				C52DB3161E4C4C23009FBA5A /* AVFoundation.framework */,
				C57BE2F61E4D8CCA00177D4F /* CoreFoundation.framework */,
				C5080EC421F5BC77007C2F39 /* CoreGraphics.framework */,
				C52DB3141E4C4C1D009FBA5A /* CoreImage.framework */,
				C52DB3101E4C4C02009FBA5A /* Foundation.framework */,
				C52DB31C1E4C4C43009FBA5A /* ImageIO.framework */,
				C5080EC621F5BC85007C2F39 /* MobileCoreServices.framework */,
				C52DB3181E4C4C2C009FBA5A /* QuartzCore.framework */,
				C52DB3121E4C4C14009FBA5A /* Security.framework */,
				C5080EC821F5BC9B007C2F39 /* SystemConfiguration.framework */,
				C52DB30E1E4C4BF3009FBA5A /* UIKit.framework */,
				CBECCBB78DF3C8573DCD0F3B /* libPods-CommonPods-MKKit.a */,
				2D4F332B146CA727091D971D /* libPods-CommonPods-MKKitTests.a */,
			);
			name = Frameworks;
			sourceTree = "<group>";
		};
		C547B4871E4D5BE6002CECB1 /* Category */ = {
			isa = PBXGroup;
			children = (
				C58BBB9521EDCEEE00DF1D2F /* MKCategoryHeads.h */,
				C53E07A82214106000FC09BB /* NSArray+MKAdd.h */,
				C53E07A92214106000FC09BB /* NSArray+MKAdd.m */,
				C58BBB9D21EDE6D200DF1D2F /* NSDate+MKAdd.h */,
				C58BBB9E21EDE6D200DF1D2F /* NSDate+MKAdd.m */,
				C53E077022115DF200FC09BB /* NSDictionary+MKAdd.h */,
				C53E077122115DF200FC09BB /* NSDictionary+MKAdd.m */,
				C58BBB9221EDCE7F00DF1D2F /* NSObject+MKJsonAdd.h */,
				C58BBB9321EDCE7F00DF1D2F /* NSObject+MKJsonAdd.m */,
				C58BBB9721EDD89B00DF1D2F /* NSObject+MKPropertyAdd.h */,
				C58BBB9821EDD89B00DF1D2F /* NSObject+MKPropertyAdd.m */,
				C58BBB9A21EDD9F800DF1D2F /* NSString+MKAdd.h */,
				C58BBB9B21EDD9F800DF1D2F /* NSString+MKAdd.m */,
				C58BBBA121EEFFD800DF1D2F /* UIButton+MKHitRect.h */,
				C58BBBA021EEFFD800DF1D2F /* UIButton+MKHitRect.m */,
				C58BBBA321EF028400DF1D2F /* UIImage+MKAdd.h */,
				C58BBBA421EF028400DF1D2F /* UIImage+MKAdd.m */,
				C58BBBA721EF0F1100DF1D2F /* UIImageView+MKTapAdd.h */,
				C58BBBA621EF0F1100DF1D2F /* UIImageView+MKTapAdd.m */,
				C58BBBAA21EF12F300DF1D2F /* UILabel+MKAdd.h */,
				C58BBBA921EF12F300DF1D2F /* UILabel+MKAdd.m */,
				C58BBBB021EF14C400DF1D2F /* UINavigationController+MKAdd.h */,
				C58BBBAF21EF14C300DF1D2F /* UINavigationController+MKAdd.m */,
				C58BBBB321EF177C00DF1D2F /* UITabBar+MKAdd.h */,
				C58BBBB221EF177C00DF1D2F /* UITabBar+MKAdd.m */,
				C58BBBB821EF1EB600DF1D2F /* UITableViewCell+MKAdd.h */,
				C58BBBB921EF1EB600DF1D2F /* UITableViewCell+MKAdd.m */,
				C58BBBB521EF1BBC00DF1D2F /* UITextField+MKAdd.h */,
				C58BBBB621EF1BBC00DF1D2F /* UITextField+MKAdd.m */,
				C58BBBBB21EF21B400DF1D2F /* UIView+MKAdd.h */,
				C58BBBBC21EF21B400DF1D2F /* UIView+MKAdd.m */,
				C58BBBBE21EF221200DF1D2F /* UIView+MKFrameAdd.h */,
				C58BBBBF21EF221200DF1D2F /* UIView+MKFrameAdd.m */,
				C58BBB8F21EDCACC00DF1D2F /* UIView+MKLogAdd.h */,
				C58BBB9021EDCACC00DF1D2F /* UIView+MKLogAdd.m */,
			);
			path = Category;
			sourceTree = "<group>";
		};
		C55CED0B21F1D8E00049B1C7 /* MKImagePickerCtrlUtils */ = {
			isa = PBXGroup;
			children = (
				C55CED0921F1D6360049B1C7 /* MKImagePickerCtrlUtils.h */,
				C55CED0821F1D6360049B1C7 /* MKImagePickerCtrlUtils.m */,
			);
			path = MKImagePickerCtrlUtils;
			sourceTree = "<group>";
		};
		C55CED0C21F1D8EC0049B1C7 /* MKAlertView */ = {
			isa = PBXGroup;
			children = (
				C55CED0D21F1D8EC0049B1C7 /* MKAlertView.h */,
				C55CED1021F1D8EC0049B1C7 /* MKAlertView.m */,
				C55CED0F21F1D8EC0049B1C7 /* UIAlertController+MKAdd.h */,
				C55CED0E21F1D8EC0049B1C7 /* UIAlertController+MKAdd.m */,
			);
			path = MKAlertView;
			sourceTree = "<group>";
		};
		C55CED1321F1DB1D0049B1C7 /* MKWindowView */ = {
			isa = PBXGroup;
			children = (
				C55CED1421F1DB1D0049B1C7 /* MKWindowView.h */,
				C55CED1521F1DB1D0049B1C7 /* MKWindowView.m */,
			);
			path = MKWindowView;
			sourceTree = "<group>";
		};
		C56D43841E52EB27007ADF35 /* Utils */ = {
			isa = PBXGroup;
			children = (
				C53E077322115FBA00FC09BB /* MKDevicePermissionsUtils.h */,
				C53E077422115FBA00FC09BB /* MKDevicePermissionsUtils.m */,
				C58BBBC421EF2AC300DF1D2F /* MKDeviceUtils.h */,
				C58BBBC521EF2AC300DF1D2F /* MKDeviceUtils.m */,
				C55CED0321F1BE280049B1C7 /* MKFileUtils.h */,
				C55CED0221F1BE280049B1C7 /* MKFileUtils.m */,
				C55CED0621F1CFFF0049B1C7 /* MKUtils.h */,
				C55CED0521F1CFFF0049B1C7 /* MKUtils.m */,
			);
			path = Utils;
			sourceTree = "<group>";
		};
		C582CA032202C4C000547417 /* BaseClass */ = {
			isa = PBXGroup;
			children = (
				C582CA052202C4C000547417 /* MKNavigationController.h */,
				C582CA072202C4C000547417 /* MKNavigationController.m */,
				C582CA062202C4C000547417 /* MKTabBarController.h */,
				C582CA092202C4C000547417 /* MKTabBarController.m */,
				C582CA042202C4C000547417 /* MKViewController.h */,
				C582CA082202C4C000547417 /* MKViewController.m */,
			);
			path = BaseClass;
			sourceTree = "<group>";
		};
		C582CA262202ED9C00547417 /* MKRouter */ = {
			isa = PBXGroup;
			children = (
				C582CA292202ED9C00547417 /* MKRouter.h */,
				C582CA282202ED9C00547417 /* MKRouter.m */,
				C582CA272202ED9C00547417 /* UIViewController+MKRouter.h */,
				C582CA2A2202ED9C00547417 /* UIViewController+MKRouter.m */,
			);
			path = MKRouter;
			sourceTree = "<group>";
		};
		C582CA52220425A600547417 /* MKKitTests */ = {
			isa = PBXGroup;
			children = (
				C582CA53220425A600547417 /* MKKitTests.m */,
				C582CA55220425A600547417 /* Info.plist */,
			);
			path = MKKitTests;
			sourceTree = "<group>";
		};
		DFEEBCC61843C8AE09856F25 /* Pods */ = {
			isa = PBXGroup;
			children = (
				BFEF2D28E92441DBB8FE5B8D /* Pods-CommonPods-MKKit.debug.xcconfig */,
				953AA43383598C1778EE0BC6 /* Pods-CommonPods-MKKit.release.xcconfig */,
				2C89D823A96F79DA87E1679C /* Pods-CommonPods-MKKitTests.debug.xcconfig */,
				5425BA844D2BA23C26FBEFA6 /* Pods-CommonPods-MKKitTests.release.xcconfig */,
			);
			name = Pods;
			sourceTree = "<group>";
		};
/* End PBXGroup section */

/* Begin PBXNativeTarget section */
		C52DB2F21E4C48EB009FBA5A /* MKKit */ = {
			isa = PBXNativeTarget;
			buildConfigurationList = C52DB2FC1E4C48EB009FBA5A /* Build configuration list for PBXNativeTarget "MKKit" */;
			buildPhases = (
				FCF572CDA1CED05B6AB65516 /* [CP] Check Pods Manifest.lock */,
				C52DB2EF1E4C48EB009FBA5A /* Sources */,
				C52DB2F01E4C48EB009FBA5A /* Frameworks */,
				C52DB2F11E4C48EB009FBA5A /* CopyFiles */,
			);
			buildRules = (
			);
			dependencies = (
			);
			name = MKKit;
			productName = MKKit;
			productReference = C52DB2F31E4C48EB009FBA5A /* libMKKit.a */;
			productType = "com.apple.product-type.library.static";
		};
		C582CA50220425A600547417 /* MKKitTests */ = {
			isa = PBXNativeTarget;
			buildConfigurationList = C582CA5B220425A600547417 /* Build configuration list for PBXNativeTarget "MKKitTests" */;
			buildPhases = (
				B9731DD24F66415FE3C2FA8F /* [CP] Check Pods Manifest.lock */,
				C582CA4D220425A600547417 /* Sources */,
				C582CA4E220425A600547417 /* Frameworks */,
				C582CA4F220425A600547417 /* Resources */,
			);
			buildRules = (
			);
			dependencies = (
				C582CA58220425A600547417 /* PBXTargetDependency */,
			);
			name = MKKitTests;
			productName = MKKitTests;
			productReference = C582CA51220425A600547417 /* MKKitTests.xctest */;
			productType = "com.apple.product-type.bundle.unit-test";
		};
/* End PBXNativeTarget section */

/* Begin PBXProject section */
		C52DB2EB1E4C48EB009FBA5A /* Project object */ = {
			isa = PBXProject;
			attributes = {
				LastUpgradeCheck = 1020;
				ORGANIZATIONNAME = mk;
				TargetAttributes = {
					C52DB2F21E4C48EB009FBA5A = {
						CreatedOnToolsVersion = 8.2.1;
						ProvisioningStyle = Automatic;
					};
					C582CA50220425A600547417 = {
						CreatedOnToolsVersion = 10.1;
						DevelopmentTeam = HT92EFC285;
						ProvisioningStyle = Automatic;
					};
				};
			};
			buildConfigurationList = C52DB2EE1E4C48EB009FBA5A /* Build configuration list for PBXProject "MKKit" */;
			compatibilityVersion = "Xcode 3.2";
			developmentRegion = English;
			hasScannedForEncodings = 0;
			knownRegions = (
				English,
				en,
			);
			mainGroup = C52DB2EA1E4C48EB009FBA5A;
			productRefGroup = C52DB2F41E4C48EB009FBA5A /* Products */;
			projectDirPath = "";
			projectRoot = "";
			targets = (
				C52DB2F21E4C48EB009FBA5A /* MKKit */,
				C582CA50220425A600547417 /* MKKitTests */,
			);
		};
/* End PBXProject section */

/* Begin PBXResourcesBuildPhase section */
		C582CA4F220425A600547417 /* Resources */ = {
			isa = PBXResourcesBuildPhase;
			buildActionMask = 2147483647;
			files = (
			);
			runOnlyForDeploymentPostprocessing = 0;
		};
/* End PBXResourcesBuildPhase section */

/* Begin PBXShellScriptBuildPhase section */
		B9731DD24F66415FE3C2FA8F /* [CP] Check Pods Manifest.lock */ = {
			isa = PBXShellScriptBuildPhase;
			buildActionMask = 2147483647;
			files = (
			);
			inputPaths = (
				"${PODS_PODFILE_DIR_PATH}/Podfile.lock",
				"${PODS_ROOT}/Manifest.lock",
			);
			name = "[CP] Check Pods Manifest.lock";
			outputPaths = (
				"$(DERIVED_FILE_DIR)/Pods-CommonPods-MKKitTests-checkManifestLockResult.txt",
			);
			runOnlyForDeploymentPostprocessing = 0;
			shellPath = /bin/sh;
			shellScript = "diff \"${PODS_PODFILE_DIR_PATH}/Podfile.lock\" \"${PODS_ROOT}/Manifest.lock\" > /dev/null\nif [ $? != 0 ] ; then\n    # print error to STDERR\n    echo \"error: The sandbox is not in sync with the Podfile.lock. Run 'pod install' or update your CocoaPods installation.\" >&2\n    exit 1\nfi\n# This output is used by Xcode 'outputs' to avoid re-running this script phase.\necho \"SUCCESS\" > \"${SCRIPT_OUTPUT_FILE_0}\"\n";
			showEnvVarsInLog = 0;
		};
		FCF572CDA1CED05B6AB65516 /* [CP] Check Pods Manifest.lock */ = {
			isa = PBXShellScriptBuildPhase;
			buildActionMask = 2147483647;
			files = (
			);
			inputPaths = (
				"${PODS_PODFILE_DIR_PATH}/Podfile.lock",
				"${PODS_ROOT}/Manifest.lock",
			);
			name = "[CP] Check Pods Manifest.lock";
			outputPaths = (
				"$(DERIVED_FILE_DIR)/Pods-CommonPods-MKKit-checkManifestLockResult.txt",
			);
			runOnlyForDeploymentPostprocessing = 0;
			shellPath = /bin/sh;
			shellScript = "diff \"${PODS_PODFILE_DIR_PATH}/Podfile.lock\" \"${PODS_ROOT}/Manifest.lock\" > /dev/null\nif [ $? != 0 ] ; then\n    # print error to STDERR\n    echo \"error: The sandbox is not in sync with the Podfile.lock. Run 'pod install' or update your CocoaPods installation.\" >&2\n    exit 1\nfi\n# This output is used by Xcode 'outputs' to avoid re-running this script phase.\necho \"SUCCESS\" > \"${SCRIPT_OUTPUT_FILE_0}\"\n";
			showEnvVarsInLog = 0;
		};
/* End PBXShellScriptBuildPhase section */

/* Begin PBXSourcesBuildPhase section */
		C52DB2EF1E4C48EB009FBA5A /* Sources */ = {
			isa = PBXSourcesBuildPhase;
			buildActionMask = 2147483647;
			files = (
				C58BBBA521EF028400DF1D2F /* UIImage+MKAdd.m in Sources */,
				C582CA4C2204227200547417 /* AFHTTPSessionManager+MKAdd.m in Sources */,
				C58BBBBA21EF1EB600DF1D2F /* UITableViewCell+MKAdd.m in Sources */,
				C5080E4B21F59C9C007C2F39 /* MKRightImageButton.m in Sources */,
				C53E077222115DF200FC09BB /* NSDictionary+MKAdd.m in Sources */,
				C5080E4C21F59C9C007C2F39 /* MKVButton.m in Sources */,
				C53E077522115FBA00FC09BB /* MKDevicePermissionsUtils.m in Sources */,
				C5080ED021F6AF77007C2F39 /* MKNetwork.m in Sources */,
				C58BBB9121EDCACC00DF1D2F /* UIView+MKLogAdd.m in Sources */,
				C5080E4321F59B89007C2F39 /* MKBlurView.m in Sources */,
				C582CA0A2202C4C000547417 /* MKNavigationController.m in Sources */,
				C58BBB9921EDD89B00DF1D2F /* NSObject+MKPropertyAdd.m in Sources */,
				C58BBBA821EF0F1100DF1D2F /* UIImageView+MKTapAdd.m in Sources */,
				C55CED0721F1CFFF0049B1C7 /* MKUtils.m in Sources */,
				C58BBBBD21EF21B500DF1D2F /* UIView+MKAdd.m in Sources */,
				C582CA2B2202ED9C00547417 /* MKRouter.m in Sources */,
				C5080E4D21F59C9C007C2F39 /* MKHyperlinkButton.m in Sources */,
				C58BBBA221EEFFD800DF1D2F /* UIButton+MKHitRect.m in Sources */,
				C582CA0C2202C4C000547417 /* MKTabBarController.m in Sources */,
				C58BBB9421EDCE7F00DF1D2F /* NSObject+MKJsonAdd.m in Sources */,
				C58BBB9F21EDE6D200DF1D2F /* NSDate+MKAdd.m in Sources */,
				C58BBBB421EF177C00DF1D2F /* UITabBar+MKAdd.m in Sources */,
				C58BBBC621EF2AC300DF1D2F /* MKDeviceUtils.m in Sources */,
				C58BBBB121EF14C400DF1D2F /* UINavigationController+MKAdd.m in Sources */,
				C58BBBB721EF1BBC00DF1D2F /* UITextField+MKAdd.m in Sources */,
				C582CA2C2202ED9C00547417 /* UIViewController+MKRouter.m in Sources */,
				C58BBBC021EF221200DF1D2F /* UIView+MKFrameAdd.m in Sources */,
				C58BBB9C21EDD9F800DF1D2F /* NSString+MKAdd.m in Sources */,
				C55CED1121F1D8EC0049B1C7 /* UIAlertController+MKAdd.m in Sources */,
				C55CED1621F1DB1E0049B1C7 /* MKWindowView.m in Sources */,
				C58BBBAB21EF12F300DF1D2F /* UILabel+MKAdd.m in Sources */,
				C582CA0B2202C4C000547417 /* MKViewController.m in Sources */,
				C5080ECF21F6AF77007C2F39 /* NSMutableURLRequest+MKAdd.m in Sources */,
				C55CED0A21F1D6360049B1C7 /* MKImagePickerCtrlUtils.m in Sources */,
				C53E07AA2214106000FC09BB /* NSArray+MKAdd.m in Sources */,
				C58BBB9621EDCEEE00DF1D2F /* MKCategoryHeads.h in Sources */,
				C55CED0421F1BE280049B1C7 /* MKFileUtils.m in Sources */,
				C55CED1221F1D8EC0049B1C7 /* MKAlertView.m in Sources */,
			);
			runOnlyForDeploymentPostprocessing = 0;
		};
		C582CA4D220425A600547417 /* Sources */ = {
			isa = PBXSourcesBuildPhase;
			buildActionMask = 2147483647;
			files = (
				C582CA54220425A600547417 /* MKKitTests.m in Sources */,
			);
			runOnlyForDeploymentPostprocessing = 0;
		};
/* End PBXSourcesBuildPhase section */

/* Begin PBXTargetDependency section */
		C582CA58220425A600547417 /* PBXTargetDependency */ = {
			isa = PBXTargetDependency;
			target = C52DB2F21E4C48EB009FBA5A /* MKKit */;
			targetProxy = C582CA57220425A600547417 /* PBXContainerItemProxy */;
		};
/* End PBXTargetDependency section */

/* Begin XCBuildConfiguration section */
		C52DB2FA1E4C48EB009FBA5A /* Debug */ = {
			isa = XCBuildConfiguration;
			buildSettings = {
				ALWAYS_SEARCH_USER_PATHS = NO;
				CLANG_ANALYZER_LOCALIZABILITY_NONLOCALIZED = YES;
				CLANG_ANALYZER_NONNULL = YES;
				CLANG_CXX_LANGUAGE_STANDARD = "gnu++0x";
				CLANG_CXX_LIBRARY = "libc++";
				CLANG_ENABLE_MODULES = YES;
				CLANG_ENABLE_OBJC_ARC = YES;
				CLANG_WARN_BLOCK_CAPTURE_AUTORELEASING = YES;
				CLANG_WARN_BOOL_CONVERSION = YES;
				CLANG_WARN_COMMA = YES;
				CLANG_WARN_CONSTANT_CONVERSION = YES;
				CLANG_WARN_DEPRECATED_OBJC_IMPLEMENTATIONS = YES;
				CLANG_WARN_DIRECT_OBJC_ISA_USAGE = YES_ERROR;
				CLANG_WARN_DOCUMENTATION_COMMENTS = YES;
				CLANG_WARN_EMPTY_BODY = YES;
				CLANG_WARN_ENUM_CONVERSION = YES;
				CLANG_WARN_INFINITE_RECURSION = YES;
				CLANG_WARN_INT_CONVERSION = YES;
				CLANG_WARN_NON_LITERAL_NULL_CONVERSION = YES;
				CLANG_WARN_OBJC_IMPLICIT_RETAIN_SELF = YES;
				CLANG_WARN_OBJC_LITERAL_CONVERSION = YES;
				CLANG_WARN_OBJC_ROOT_CLASS = YES_ERROR;
				CLANG_WARN_RANGE_LOOP_ANALYSIS = YES;
				CLANG_WARN_STRICT_PROTOTYPES = YES;
				CLANG_WARN_SUSPICIOUS_MOVE = YES;
				CLANG_WARN_UNREACHABLE_CODE = YES;
				CLANG_WARN__DUPLICATE_METHOD_MATCH = YES;
				"CODE_SIGN_IDENTITY[sdk=iphoneos*]" = "iPhone Developer";
				COPY_PHASE_STRIP = NO;
				DEBUG_INFORMATION_FORMAT = dwarf;
				ENABLE_STRICT_OBJC_MSGSEND = YES;
				ENABLE_TESTABILITY = YES;
				GCC_C_LANGUAGE_STANDARD = gnu99;
				GCC_DYNAMIC_NO_PIC = NO;
				GCC_NO_COMMON_BLOCKS = YES;
				GCC_OPTIMIZATION_LEVEL = 0;
				GCC_PREPROCESSOR_DEFINITIONS = (
					"DEBUG=1",
					"$(inherited)",
				);
				GCC_WARN_64_TO_32_BIT_CONVERSION = YES;
				GCC_WARN_ABOUT_RETURN_TYPE = YES_ERROR;
				GCC_WARN_UNDECLARED_SELECTOR = YES;
				GCC_WARN_UNINITIALIZED_AUTOS = YES_AGGRESSIVE;
				GCC_WARN_UNUSED_FUNCTION = YES;
				GCC_WARN_UNUSED_VARIABLE = YES;
				IPHONEOS_DEPLOYMENT_TARGET = 8.0;
				MTL_ENABLE_DEBUG_INFO = YES;
				ONLY_ACTIVE_ARCH = YES;
				SDKROOT = iphoneos;
			};
			name = Debug;
		};
		C52DB2FB1E4C48EB009FBA5A /* Release */ = {
			isa = XCBuildConfiguration;
			buildSettings = {
				ALWAYS_SEARCH_USER_PATHS = NO;
				CLANG_ANALYZER_LOCALIZABILITY_NONLOCALIZED = YES;
				CLANG_ANALYZER_NONNULL = YES;
				CLANG_CXX_LANGUAGE_STANDARD = "gnu++0x";
				CLANG_CXX_LIBRARY = "libc++";
				CLANG_ENABLE_MODULES = YES;
				CLANG_ENABLE_OBJC_ARC = YES;
				CLANG_WARN_BLOCK_CAPTURE_AUTORELEASING = YES;
				CLANG_WARN_BOOL_CONVERSION = YES;
				CLANG_WARN_COMMA = YES;
				CLANG_WARN_CONSTANT_CONVERSION = YES;
				CLANG_WARN_DEPRECATED_OBJC_IMPLEMENTATIONS = YES;
				CLANG_WARN_DIRECT_OBJC_ISA_USAGE = YES_ERROR;
				CLANG_WARN_DOCUMENTATION_COMMENTS = YES;
				CLANG_WARN_EMPTY_BODY = YES;
				CLANG_WARN_ENUM_CONVERSION = YES;
				CLANG_WARN_INFINITE_RECURSION = YES;
				CLANG_WARN_INT_CONVERSION = YES;
				CLANG_WARN_NON_LITERAL_NULL_CONVERSION = YES;
				CLANG_WARN_OBJC_IMPLICIT_RETAIN_SELF = YES;
				CLANG_WARN_OBJC_LITERAL_CONVERSION = YES;
				CLANG_WARN_OBJC_ROOT_CLASS = YES_ERROR;
				CLANG_WARN_RANGE_LOOP_ANALYSIS = YES;
				CLANG_WARN_STRICT_PROTOTYPES = YES;
				CLANG_WARN_SUSPICIOUS_MOVE = YES;
				CLANG_WARN_UNREACHABLE_CODE = YES;
				CLANG_WARN__DUPLICATE_METHOD_MATCH = YES;
				"CODE_SIGN_IDENTITY[sdk=iphoneos*]" = "iPhone Developer";
				COPY_PHASE_STRIP = NO;
				DEBUG_INFORMATION_FORMAT = "dwarf-with-dsym";
				ENABLE_NS_ASSERTIONS = NO;
				ENABLE_STRICT_OBJC_MSGSEND = YES;
				GCC_C_LANGUAGE_STANDARD = gnu99;
				GCC_NO_COMMON_BLOCKS = YES;
				GCC_WARN_64_TO_32_BIT_CONVERSION = YES;
				GCC_WARN_ABOUT_RETURN_TYPE = YES_ERROR;
				GCC_WARN_UNDECLARED_SELECTOR = YES;
				GCC_WARN_UNINITIALIZED_AUTOS = YES_AGGRESSIVE;
				GCC_WARN_UNUSED_FUNCTION = YES;
				GCC_WARN_UNUSED_VARIABLE = YES;
				IPHONEOS_DEPLOYMENT_TARGET = 8.0;
				MTL_ENABLE_DEBUG_INFO = NO;
				SDKROOT = iphoneos;
				VALIDATE_PRODUCT = YES;
			};
			name = Release;
		};
		C52DB2FD1E4C48EB009FBA5A /* Debug */ = {
			isa = XCBuildConfiguration;
			baseConfigurationReference = BFEF2D28E92441DBB8FE5B8D /* Pods-CommonPods-MKKit.debug.xcconfig */;
			buildSettings = {
				HEADER_SEARCH_PATHS = "$(inherited)";
				IPHONEOS_DEPLOYMENT_TARGET = 8.0;
				OTHER_LDFLAGS = (
					"$(inherited)",
					"-ObjC",
				);
				PRODUCT_NAME = "$(TARGET_NAME)";
				SKIP_INSTALL = YES;
			};
			name = Debug;
		};
		C52DB2FE1E4C48EB009FBA5A /* Release */ = {
			isa = XCBuildConfiguration;
			baseConfigurationReference = 953AA43383598C1778EE0BC6 /* Pods-CommonPods-MKKit.release.xcconfig */;
			buildSettings = {
				HEADER_SEARCH_PATHS = "$(inherited)";
				IPHONEOS_DEPLOYMENT_TARGET = 8.0;
				OTHER_LDFLAGS = (
					"$(inherited)",
					"-ObjC",
				);
				PRODUCT_NAME = "$(TARGET_NAME)";
				SKIP_INSTALL = YES;
			};
			name = Release;
		};
		C582CA59220425A600547417 /* Debug */ = {
			isa = XCBuildConfiguration;
			baseConfigurationReference = 2C89D823A96F79DA87E1679C /* Pods-CommonPods-MKKitTests.debug.xcconfig */;
			buildSettings = {
				CLANG_ANALYZER_NUMBER_OBJECT_CONVERSION = YES_AGGRESSIVE;
				CLANG_CXX_LANGUAGE_STANDARD = "gnu++14";
				CLANG_ENABLE_OBJC_WEAK = YES;
				CLANG_WARN_UNGUARDED_AVAILABILITY = YES_AGGRESSIVE;
				CODE_SIGN_IDENTITY = "iPhone Developer";
				CODE_SIGN_STYLE = Automatic;
				DEVELOPMENT_TEAM = HT92EFC285;
				GCC_C_LANGUAGE_STANDARD = gnu11;
				INFOPLIST_FILE = MKKitTests/Info.plist;
				IPHONEOS_DEPLOYMENT_TARGET = 12.1;
				LD_RUNPATH_SEARCH_PATHS = "$(inherited) @executable_path/Frameworks @loader_path/Frameworks";
				MTL_ENABLE_DEBUG_INFO = INCLUDE_SOURCE;
				MTL_FAST_MATH = YES;
				PRODUCT_BUNDLE_IDENTIFIER = com.mk.MKKitTests;
				PRODUCT_NAME = "$(TARGET_NAME)";
				TARGETED_DEVICE_FAMILY = "1,2";
			};
			name = Debug;
		};
		C582CA5A220425A600547417 /* Release */ = {
			isa = XCBuildConfiguration;
			baseConfigurationReference = 5425BA844D2BA23C26FBEFA6 /* Pods-CommonPods-MKKitTests.release.xcconfig */;
			buildSettings = {
				CLANG_ANALYZER_NUMBER_OBJECT_CONVERSION = YES_AGGRESSIVE;
				CLANG_CXX_LANGUAGE_STANDARD = "gnu++14";
				CLANG_ENABLE_OBJC_WEAK = YES;
				CLANG_WARN_UNGUARDED_AVAILABILITY = YES_AGGRESSIVE;
				CODE_SIGN_IDENTITY = "iPhone Developer";
				CODE_SIGN_STYLE = Automatic;
				DEVELOPMENT_TEAM = HT92EFC285;
				GCC_C_LANGUAGE_STANDARD = gnu11;
				INFOPLIST_FILE = MKKitTests/Info.plist;
				IPHONEOS_DEPLOYMENT_TARGET = 12.1;
				LD_RUNPATH_SEARCH_PATHS = "$(inherited) @executable_path/Frameworks @loader_path/Frameworks";
				MTL_FAST_MATH = YES;
				PRODUCT_BUNDLE_IDENTIFIER = com.mk.MKKitTests;
				PRODUCT_NAME = "$(TARGET_NAME)";
				TARGETED_DEVICE_FAMILY = "1,2";
			};
			name = Release;
		};
/* End XCBuildConfiguration section */

/* Begin XCConfigurationList section */
		C52DB2EE1E4C48EB009FBA5A /* Build configuration list for PBXProject "MKKit" */ = {
			isa = XCConfigurationList;
			buildConfigurations = (
				C52DB2FA1E4C48EB009FBA5A /* Debug */,
				C52DB2FB1E4C48EB009FBA5A /* Release */,
			);
			defaultConfigurationIsVisible = 0;
			defaultConfigurationName = Release;
		};
		C52DB2FC1E4C48EB009FBA5A /* Build configuration list for PBXNativeTarget "MKKit" */ = {
			isa = XCConfigurationList;
			buildConfigurations = (
				C52DB2FD1E4C48EB009FBA5A /* Debug */,
				C52DB2FE1E4C48EB009FBA5A /* Release */,
			);
			defaultConfigurationIsVisible = 0;
			defaultConfigurationName = Release;
		};
		C582CA5B220425A600547417 /* Build configuration list for PBXNativeTarget "MKKitTests" */ = {
			isa = XCConfigurationList;
			buildConfigurations = (
				C582CA59220425A600547417 /* Debug */,
				C582CA5A220425A600547417 /* Release */,
			);
			defaultConfigurationIsVisible = 0;
			defaultConfigurationName = Release;
		};
/* End XCConfigurationList section */
	};
	rootObject = C52DB2EB1E4C48EB009FBA5A /* Project object */;
}
